// !$*UTF8*$!
{
	archiveVersion = 1;
	classes = {
	};
	objectVersion = 46;
	objects = {

/* Begin PBXBuildFile section */
		3E694CC31FCD36A20016C37E /* UPYUNConfig.m in Sources */ = {isa = PBXBuildFile; fileRef = 3E694CA21FCD36A20016C37E /* UPYUNConfig.m */; };
		3E694CC41FCD36A20016C37E /* UPMutUploaderManager.m in Sources */ = {isa = PBXBuildFile; fileRef = 3E694CA61FCD36A20016C37E /* UPMutUploaderManager.m */; };
		3E694CC51FCD36A20016C37E /* NSData+MD5Digest.m in Sources */ = {isa = PBXBuildFile; fileRef = 3E694CA91FCD36A20016C37E /* NSData+MD5Digest.m */; };
		3E694CC61FCD36A20016C37E /* NSString+NSHash.m in Sources */ = {isa = PBXBuildFile; fileRef = 3E694CAC1FCD36A20016C37E /* NSString+NSHash.m */; };
		3E694CC71FCD36A20016C37E /* UpYun.m in Sources */ = {isa = PBXBuildFile; fileRef = 3E694CAD1FCD36A20016C37E /* UpYun.m */; };
		3E694CC81FCD36A20016C37E /* UPHTTPClient.m in Sources */ = {isa = PBXBuildFile; fileRef = 3E694CAF1FCD36A20016C37E /* UPHTTPClient.m */; };
		3E694CC91FCD36A20016C37E /* UPMultipartBody.m in Sources */ = {isa = PBXBuildFile; fileRef = 3E694CB21FCD36A20016C37E /* UPMultipartBody.m */; };
		3E694CCA1FCD36A20016C37E /* UPHTTPBodyPart.m in Sources */ = {isa = PBXBuildFile; fileRef = 3E694CB41FCD36A20016C37E /* UPHTTPBodyPart.m */; };
		3E694CCB1FCD36A20016C37E /* UpYunFormUploader.m in Sources */ = {isa = PBXBuildFile; fileRef = 3E694CB81FCD36A20016C37E /* UpYunFormUploader.m */; };
		3E694CCC1FCD36A20016C37E /* UpYunBlockUpLoader.m in Sources */ = {isa = PBXBuildFile; fileRef = 3E694CB91FCD36A20016C37E /* UpYunBlockUpLoader.m */; };
		3E694CCD1FCD36A20016C37E /* UpYunFileDealManger.m in Sources */ = {isa = PBXBuildFile; fileRef = 3E694CBA1FCD36A20016C37E /* UpYunFileDealManger.m */; };
		3E694CCE1FCD36A20016C37E /* UpSimpleHttpClient.m in Sources */ = {isa = PBXBuildFile; fileRef = 3E694CBF1FCD36A20016C37E /* UpSimpleHttpClient.m */; };
		3E694CCF1FCD36A20016C37E /* UpApiUtils.m in Sources */ = {isa = PBXBuildFile; fileRef = 3E694CC21FCD36A20016C37E /* UpApiUtils.m */; };
		3E694CD21FCD37B50016C37E /* ViewController2.m in Sources */ = {isa = PBXBuildFile; fileRef = 3E694CD01FCD37B50016C37E /* ViewController2.m */; };
		3E694CD61FCD3CA60016C37E /* ThirdUpload.m in Sources */ = {isa = PBXBuildFile; fileRef = 3E694CD51FCD3CA60016C37E /* ThirdUpload.m */; };
		3E694CDB1FCD3D530016C37E /* QiniuUpload.m in Sources */ = {isa = PBXBuildFile; fileRef = 3E694CD81FCD3D520016C37E /* QiniuUpload.m */; };
		3E694CDC1FCD3D530016C37E /* AliyunUpload.m in Sources */ = {isa = PBXBuildFile; fileRef = 3E694CD91FCD3D530016C37E /* AliyunUpload.m */; };
		3E694D0F1FCD60030016C37E /* OSSNetworking.m in Sources */ = {isa = PBXBuildFile; fileRef = 3E694CE61FCD60030016C37E /* OSSNetworking.m */; };
		3E694D101FCD60030016C37E /* OSSClient.m in Sources */ = {isa = PBXBuildFile; fileRef = 3E694CE81FCD60030016C37E /* OSSClient.m */; };
		3E694D111FCD60030016C37E /* OSSHTTPDNSCacheTable.m in Sources */ = {isa = PBXBuildFile; fileRef = 3E694CEA1FCD60030016C37E /* OSSHTTPDNSCacheTable.m */; };
		3E694D121FCD60030016C37E /* OSSHTTPDNSMini.m in Sources */ = {isa = PBXBuildFile; fileRef = 3E694CEC1FCD60030016C37E /* OSSHTTPDNSMini.m */; };
		3E694D131FCD60030016C37E /* OSSHTTPDNSOrigin.m in Sources */ = {isa = PBXBuildFile; fileRef = 3E694CED1FCD60030016C37E /* OSSHTTPDNSOrigin.m */; };
		3E694D141FCD60030016C37E /* OSSHTTPDNSTools.m in Sources */ = {isa = PBXBuildFile; fileRef = 3E694CEF1FCD60030016C37E /* OSSHTTPDNSTools.m */; };
		3E694D151FCD60030016C37E /* OSSLog.m in Sources */ = {isa = PBXBuildFile; fileRef = 3E694CF31FCD60030016C37E /* OSSLog.m */; };
		3E694D161FCD60030016C37E /* OSSModel.m in Sources */ = {isa = PBXBuildFile; fileRef = 3E694CF71FCD60030016C37E /* OSSModel.m */; };
		3E694D171FCD60030016C37E /* OSSCompat.m in Sources */ = {isa = PBXBuildFile; fileRef = 3E694CF91FCD60030016C37E /* OSSCompat.m */; };
		3E694D181FCD60030016C37E /* OSSCancellationTokenRegistration.m in Sources */ = {isa = PBXBuildFile; fileRef = 3E694CFC1FCD60030016C37E /* OSSCancellationTokenRegistration.m */; };
		3E694D191FCD60030016C37E /* OSSBolts.m in Sources */ = {isa = PBXBuildFile; fileRef = 3E694CFD1FCD60030016C37E /* OSSBolts.m */; };
		3E694D1A1FCD60030016C37E /* OSSTaskCompletionSource.m in Sources */ = {isa = PBXBuildFile; fileRef = 3E694CFF1FCD60030016C37E /* OSSTaskCompletionSource.m */; };
		3E694D1B1FCD60030016C37E /* OSSTask.m in Sources */ = {isa = PBXBuildFile; fileRef = 3E694D001FCD60030016C37E /* OSSTask.m */; };
		3E694D1C1FCD60030016C37E /* OSSCancellationToken.m in Sources */ = {isa = PBXBuildFile; fileRef = 3E694D011FCD60030016C37E /* OSSCancellationToken.m */; };
		3E694D1D1FCD60030016C37E /* OSSCancellationTokenSource.m in Sources */ = {isa = PBXBuildFile; fileRef = 3E694D091FCD60030016C37E /* OSSCancellationTokenSource.m */; };
		3E694D1E1FCD60030016C37E /* OSSExecutor.m in Sources */ = {isa = PBXBuildFile; fileRef = 3E694D0A1FCD60030016C37E /* OSSExecutor.m */; };
		3E694D1F1FCD60030016C37E /* OSSXMLDictionary.m in Sources */ = {isa = PBXBuildFile; fileRef = 3E694D0C1FCD60030016C37E /* OSSXMLDictionary.m */; };
		3E694D201FCD60030016C37E /* OSSUtil.m in Sources */ = {isa = PBXBuildFile; fileRef = 3E694D0D1FCD60030016C37E /* OSSUtil.m */; };
		AE4AA31C1C76F1DA00795B27 /* main.m in Sources */ = {isa = PBXBuildFile; fileRef = AE4AA31B1C76F1DA00795B27 /* main.m */; };
		AE4AA31F1C76F1DA00795B27 /* AppDelegate.m in Sources */ = {isa = PBXBuildFile; fileRef = AE4AA31E1C76F1DA00795B27 /* AppDelegate.m */; };
		AE4AA3251C76F1DA00795B27 /* Main.storyboard in Resources */ = {isa = PBXBuildFile; fileRef = AE4AA3231C76F1DA00795B27 /* Main.storyboard */; };
		AE4AA3271C76F1DA00795B27 /* Assets.xcassets in Resources */ = {isa = PBXBuildFile; fileRef = AE4AA3261C76F1DA00795B27 /* Assets.xcassets */; };
		AE4AA32A1C76F1DA00795B27 /* LaunchScreen.storyboard in Resources */ = {isa = PBXBuildFile; fileRef = AE4AA3281C76F1DA00795B27 /* LaunchScreen.storyboard */; };
		AE4AA3541C76F3D300795B27 /* image.jpg in Resources */ = {isa = PBXBuildFile; fileRef = AE4AA3531C76F3D300795B27 /* image.jpg */; };
		AE4AA3651C7ADC5700795B27 /* fileTest.file in Resources */ = {isa = PBXBuildFile; fileRef = AE4AA3631C7ADC5700795B27 /* fileTest.file */; };
		AE4AA3661C7ADC5700795B27 /* test2.png in Resources */ = {isa = PBXBuildFile; fileRef = AE4AA3641C7ADC5700795B27 /* test2.png */; };
/* End PBXBuildFile section */

/* Begin PBXContainerItemProxy section */
		AE4AA35E1C7ABDA400795B27 /* PBXContainerItemProxy */ = {
			isa = PBXContainerItemProxy;
			containerPortal = AE4AA30F1C76F1DA00795B27 /* Project object */;
			proxyType = 1;
			remoteGlobalIDString = AE4AA3161C76F1DA00795B27;
			remoteInfo = UpYunFusionSDKDemo;
		};
/* End PBXContainerItemProxy section */

/* Begin PBXFileReference section */
		3E694CA21FCD36A20016C37E /* UPYUNConfig.m */ = {isa = PBXFileReference; fileEncoding = 4; lastKnownFileType = sourcecode.c.objc; path = UPYUNConfig.m; sourceTree = "<group>"; };
		3E694CA31FCD36A20016C37E /* UpYun.h */ = {isa = PBXFileReference; fileEncoding = 4; lastKnownFileType = sourcecode.c.h; path = UpYun.h; sourceTree = "<group>"; };
		3E694CA41FCD36A20016C37E /* UPYUNConfig.h */ = {isa = PBXFileReference; fileEncoding = 4; lastKnownFileType = sourcecode.c.h; path = UPYUNConfig.h; sourceTree = "<group>"; };
		3E694CA61FCD36A20016C37E /* UPMutUploaderManager.m */ = {isa = PBXFileReference; fileEncoding = 4; lastKnownFileType = sourcecode.c.objc; path = UPMutUploaderManager.m; sourceTree = "<group>"; };
		3E694CA71FCD36A20016C37E /* UPMutUploaderManager.h */ = {isa = PBXFileReference; fileEncoding = 4; lastKnownFileType = sourcecode.c.h; path = UPMutUploaderManager.h; sourceTree = "<group>"; };
		3E694CA91FCD36A20016C37E /* NSData+MD5Digest.m */ = {isa = PBXFileReference; fileEncoding = 4; lastKnownFileType = sourcecode.c.objc; path = "NSData+MD5Digest.m"; sourceTree = "<group>"; };
		3E694CAA1FCD36A20016C37E /* NSString+NSHash.h */ = {isa = PBXFileReference; fileEncoding = 4; lastKnownFileType = sourcecode.c.h; path = "NSString+NSHash.h"; sourceTree = "<group>"; };
		3E694CAB1FCD36A20016C37E /* NSData+MD5Digest.h */ = {isa = PBXFileReference; fileEncoding = 4; lastKnownFileType = sourcecode.c.h; path = "NSData+MD5Digest.h"; sourceTree = "<group>"; };
		3E694CAC1FCD36A20016C37E /* NSString+NSHash.m */ = {isa = PBXFileReference; fileEncoding = 4; lastKnownFileType = sourcecode.c.objc; path = "NSString+NSHash.m"; sourceTree = "<group>"; };
		3E694CAD1FCD36A20016C37E /* UpYun.m */ = {isa = PBXFileReference; fileEncoding = 4; lastKnownFileType = sourcecode.c.objc; path = UpYun.m; sourceTree = "<group>"; };
		3E694CAF1FCD36A20016C37E /* UPHTTPClient.m */ = {isa = PBXFileReference; fileEncoding = 4; lastKnownFileType = sourcecode.c.objc; path = UPHTTPClient.m; sourceTree = "<group>"; };
		3E694CB01FCD36A20016C37E /* UPMultipartBody.h */ = {isa = PBXFileReference; fileEncoding = 4; lastKnownFileType = sourcecode.c.h; path = UPMultipartBody.h; sourceTree = "<group>"; };
		3E694CB11FCD36A20016C37E /* UPHTTPBodyPart.h */ = {isa = PBXFileReference; fileEncoding = 4; lastKnownFileType = sourcecode.c.h; path = UPHTTPBodyPart.h; sourceTree = "<group>"; };
		3E694CB21FCD36A20016C37E /* UPMultipartBody.m */ = {isa = PBXFileReference; fileEncoding = 4; lastKnownFileType = sourcecode.c.objc; path = UPMultipartBody.m; sourceTree = "<group>"; };
		3E694CB31FCD36A20016C37E /* UPHTTPClient.h */ = {isa = PBXFileReference; fileEncoding = 4; lastKnownFileType = sourcecode.c.h; path = UPHTTPClient.h; sourceTree = "<group>"; };
		3E694CB41FCD36A20016C37E /* UPHTTPBodyPart.m */ = {isa = PBXFileReference; fileEncoding = 4; lastKnownFileType = sourcecode.c.objc; path = UPHTTPBodyPart.m; sourceTree = "<group>"; };
		3E694CB71FCD36A20016C37E /* UpYunUploader.h */ = {isa = PBXFileReference; fileEncoding = 4; lastKnownFileType = sourcecode.c.h; path = UpYunUploader.h; sourceTree = "<group>"; };
		3E694CB81FCD36A20016C37E /* UpYunFormUploader.m */ = {isa = PBXFileReference; fileEncoding = 4; lastKnownFileType = sourcecode.c.objc; path = UpYunFormUploader.m; sourceTree = "<group>"; };
		3E694CB91FCD36A20016C37E /* UpYunBlockUpLoader.m */ = {isa = PBXFileReference; fileEncoding = 4; lastKnownFileType = sourcecode.c.objc; path = UpYunBlockUpLoader.m; sourceTree = "<group>"; };
		3E694CBA1FCD36A20016C37E /* UpYunFileDealManger.m */ = {isa = PBXFileReference; fileEncoding = 4; lastKnownFileType = sourcecode.c.objc; path = UpYunFileDealManger.m; sourceTree = "<group>"; };
		3E694CBB1FCD36A20016C37E /* UpYunFormUploader.h */ = {isa = PBXFileReference; fileEncoding = 4; lastKnownFileType = sourcecode.c.h; path = UpYunFormUploader.h; sourceTree = "<group>"; };
		3E694CBC1FCD36A20016C37E /* UpYunFileDealManger.h */ = {isa = PBXFileReference; fileEncoding = 4; lastKnownFileType = sourcecode.c.h; path = UpYunFileDealManger.h; sourceTree = "<group>"; };
		3E694CBD1FCD36A20016C37E /* UpYunBlockUpLoader.h */ = {isa = PBXFileReference; fileEncoding = 4; lastKnownFileType = sourcecode.c.h; path = UpYunBlockUpLoader.h; sourceTree = "<group>"; };
		3E694CBF1FCD36A20016C37E /* UpSimpleHttpClient.m */ = {isa = PBXFileReference; fileEncoding = 4; lastKnownFileType = sourcecode.c.objc; path = UpSimpleHttpClient.m; sourceTree = "<group>"; };
		3E694CC01FCD36A20016C37E /* UpApiUtils.h */ = {isa = PBXFileReference; fileEncoding = 4; lastKnownFileType = sourcecode.c.h; path = UpApiUtils.h; sourceTree = "<group>"; };
		3E694CC11FCD36A20016C37E /* UpSimpleHttpClient.h */ = {isa = PBXFileReference; fileEncoding = 4; lastKnownFileType = sourcecode.c.h; path = UpSimpleHttpClient.h; sourceTree = "<group>"; };
		3E694CC21FCD36A20016C37E /* UpApiUtils.m */ = {isa = PBXFileReference; fileEncoding = 4; lastKnownFileType = sourcecode.c.objc; path = UpApiUtils.m; sourceTree = "<group>"; };
		3E694CD01FCD37B50016C37E /* ViewController2.m */ = {isa = PBXFileReference; fileEncoding = 4; lastKnownFileType = sourcecode.c.objc; path = ViewController2.m; sourceTree = "<group>"; };
		3E694CD11FCD37B50016C37E /* ViewController2.h */ = {isa = PBXFileReference; fileEncoding = 4; lastKnownFileType = sourcecode.c.h; path = ViewController2.h; sourceTree = "<group>"; };
		3E694CD41FCD3CA60016C37E /* ThirdUpload.h */ = {isa = PBXFileReference; lastKnownFileType = sourcecode.c.h; path = ThirdUpload.h; sourceTree = "<group>"; };
		3E694CD51FCD3CA60016C37E /* ThirdUpload.m */ = {isa = PBXFileReference; lastKnownFileType = sourcecode.c.objc; path = ThirdUpload.m; sourceTree = "<group>"; };
		3E694CD71FCD3D520016C37E /* AliyunUpload.h */ = {isa = PBXFileReference; fileEncoding = 4; lastKnownFileType = sourcecode.c.h; path = AliyunUpload.h; sourceTree = "<group>"; };
		3E694CD81FCD3D520016C37E /* QiniuUpload.m */ = {isa = PBXFileReference; fileEncoding = 4; lastKnownFileType = sourcecode.c.objc; path = QiniuUpload.m; sourceTree = "<group>"; };
		3E694CD91FCD3D530016C37E /* AliyunUpload.m */ = {isa = PBXFileReference; fileEncoding = 4; lastKnownFileType = sourcecode.c.objc; path = AliyunUpload.m; sourceTree = "<group>"; };
		3E694CDA1FCD3D530016C37E /* QiniuUpload.h */ = {isa = PBXFileReference; fileEncoding = 4; lastKnownFileType = sourcecode.c.h; path = QiniuUpload.h; sourceTree = "<group>"; };
		3E694CE61FCD60030016C37E /* OSSNetworking.m */ = {isa = PBXFileReference; fileEncoding = 4; lastKnownFileType = sourcecode.c.objc; path = OSSNetworking.m; sourceTree = "<group>"; };
		3E694CE71FCD60030016C37E /* OSSModel.h */ = {isa = PBXFileReference; fileEncoding = 4; lastKnownFileType = sourcecode.c.h; path = OSSModel.h; sourceTree = "<group>"; };
		3E694CE81FCD60030016C37E /* OSSClient.m */ = {isa = PBXFileReference; fileEncoding = 4; lastKnownFileType = sourcecode.c.objc; path = OSSClient.m; sourceTree = "<group>"; };
		3E694CEA1FCD60030016C37E /* OSSHTTPDNSCacheTable.m */ = {isa = PBXFileReference; fileEncoding = 4; lastKnownFileType = sourcecode.c.objc; path = OSSHTTPDNSCacheTable.m; sourceTree = "<group>"; };
		3E694CEB1FCD60030016C37E /* OSSHTTPDNSTools.h */ = {isa = PBXFileReference; fileEncoding = 4; lastKnownFileType = sourcecode.c.h; path = OSSHTTPDNSTools.h; sourceTree = "<group>"; };
		3E694CEC1FCD60030016C37E /* OSSHTTPDNSMini.m */ = {isa = PBXFileReference; fileEncoding = 4; lastKnownFileType = sourcecode.c.objc; path = OSSHTTPDNSMini.m; sourceTree = "<group>"; };
		3E694CED1FCD60030016C37E /* OSSHTTPDNSOrigin.m */ = {isa = PBXFileReference; fileEncoding = 4; lastKnownFileType = sourcecode.c.objc; path = OSSHTTPDNSOrigin.m; sourceTree = "<group>"; };
		3E694CEE1FCD60030016C37E /* OSSHTTPDNSCacheTable.h */ = {isa = PBXFileReference; fileEncoding = 4; lastKnownFileType = sourcecode.c.h; path = OSSHTTPDNSCacheTable.h; sourceTree = "<group>"; };
		3E694CEF1FCD60030016C37E /* OSSHTTPDNSTools.m */ = {isa = PBXFileReference; fileEncoding = 4; lastKnownFileType = sourcecode.c.objc; path = OSSHTTPDNSTools.m; sourceTree = "<group>"; };
		3E694CF01FCD60030016C37E /* OSSHTTPDNSMini.h */ = {isa = PBXFileReference; fileEncoding = 4; lastKnownFileType = sourcecode.c.h; path = OSSHTTPDNSMini.h; sourceTree = "<group>"; };
		3E694CF11FCD60030016C37E /* OSSHTTPDNSOrigin.h */ = {isa = PBXFileReference; fileEncoding = 4; lastKnownFileType = sourcecode.c.h; path = OSSHTTPDNSOrigin.h; sourceTree = "<group>"; };
		3E694CF21FCD60030016C37E /* OSSCompat.h */ = {isa = PBXFileReference; fileEncoding = 4; lastKnownFileType = sourcecode.c.h; path = OSSCompat.h; sourceTree = "<group>"; };
		3E694CF31FCD60030016C37E /* OSSLog.m */ = {isa = PBXFileReference; fileEncoding = 4; lastKnownFileType = sourcecode.c.objc; path = OSSLog.m; sourceTree = "<group>"; };
		3E694CF41FCD60030016C37E /* OSSUtil.h */ = {isa = PBXFileReference; fileEncoding = 4; lastKnownFileType = sourcecode.c.h; path = OSSUtil.h; sourceTree = "<group>"; };
		3E694CF51FCD60030016C37E /* OSSXMLDictionary.h */ = {isa = PBXFileReference; fileEncoding = 4; lastKnownFileType = sourcecode.c.h; path = OSSXMLDictionary.h; sourceTree = "<group>"; };
		3E694CF61FCD60030016C37E /* OSSClient.h */ = {isa = PBXFileReference; fileEncoding = 4; lastKnownFileType = sourcecode.c.h; path = OSSClient.h; sourceTree = "<group>"; };
		3E694CF71FCD60030016C37E /* OSSModel.m */ = {isa = PBXFileReference; fileEncoding = 4; lastKnownFileType = sourcecode.c.objc; path = OSSModel.m; sourceTree = "<group>"; };
		3E694CF81FCD60030016C37E /* OSSNetworking.h */ = {isa = PBXFileReference; fileEncoding = 4; lastKnownFileType = sourcecode.c.h; path = OSSNetworking.h; sourceTree = "<group>"; };
		3E694CF91FCD60030016C37E /* OSSCompat.m */ = {isa = PBXFileReference; fileEncoding = 4; lastKnownFileType = sourcecode.c.objc; path = OSSCompat.m; sourceTree = "<group>"; };
		3E694CFA1FCD60030016C37E /* OSSLog.h */ = {isa = PBXFileReference; fileEncoding = 4; lastKnownFileType = sourcecode.c.h; path = OSSLog.h; sourceTree = "<group>"; };
		3E694CFC1FCD60030016C37E /* OSSCancellationTokenRegistration.m */ = {isa = PBXFileReference; fileEncoding = 4; lastKnownFileType = sourcecode.c.objc; path = OSSCancellationTokenRegistration.m; sourceTree = "<group>"; };
		3E694CFD1FCD60030016C37E /* OSSBolts.m */ = {isa = PBXFileReference; fileEncoding = 4; lastKnownFileType = sourcecode.c.objc; path = OSSBolts.m; sourceTree = "<group>"; };
		3E694CFE1FCD60030016C37E /* OSSCancellationTokenSource.h */ = {isa = PBXFileReference; fileEncoding = 4; lastKnownFileType = sourcecode.c.h; path = OSSCancellationTokenSource.h; sourceTree = "<group>"; };
		3E694CFF1FCD60030016C37E /* OSSTaskCompletionSource.m */ = {isa = PBXFileReference; fileEncoding = 4; lastKnownFileType = sourcecode.c.objc; path = OSSTaskCompletionSource.m; sourceTree = "<group>"; };
		3E694D001FCD60030016C37E /* OSSTask.m */ = {isa = PBXFileReference; fileEncoding = 4; lastKnownFileType = sourcecode.c.objc; path = OSSTask.m; sourceTree = "<group>"; };
		3E694D011FCD60030016C37E /* OSSCancellationToken.m */ = {isa = PBXFileReference; fileEncoding = 4; lastKnownFileType = sourcecode.c.objc; path = OSSCancellationToken.m; sourceTree = "<group>"; };
		3E694D021FCD60030016C37E /* OSSExecutor.h */ = {isa = PBXFileReference; fileEncoding = 4; lastKnownFileType = sourcecode.c.h; path = OSSExecutor.h; sourceTree = "<group>"; };
		3E694D031FCD60030016C37E /* OSSBoltsVersion.h */ = {isa = PBXFileReference; fileEncoding = 4; lastKnownFileType = sourcecode.c.h; path = OSSBoltsVersion.h; sourceTree = "<group>"; };
		3E694D041FCD60030016C37E /* OSSCancellationTokenRegistration.h */ = {isa = PBXFileReference; fileEncoding = 4; lastKnownFileType = sourcecode.c.h; path = OSSCancellationTokenRegistration.h; sourceTree = "<group>"; };
		3E694D051FCD60030016C37E /* OSSBolts.h */ = {isa = PBXFileReference; fileEncoding = 4; lastKnownFileType = sourcecode.c.h; path = OSSBolts.h; sourceTree = "<group>"; };
		3E694D061FCD60030016C37E /* OSSDefines.h */ = {isa = PBXFileReference; fileEncoding = 4; lastKnownFileType = sourcecode.c.h; path = OSSDefines.h; sourceTree = "<group>"; };
		3E694D071FCD60030016C37E /* OSSTask.h */ = {isa = PBXFileReference; fileEncoding = 4; lastKnownFileType = sourcecode.c.h; path = OSSTask.h; sourceTree = "<group>"; };
		3E694D081FCD60030016C37E /* OSSTaskCompletionSource.h */ = {isa = PBXFileReference; fileEncoding = 4; lastKnownFileType = sourcecode.c.h; path = OSSTaskCompletionSource.h; sourceTree = "<group>"; };
		3E694D091FCD60030016C37E /* OSSCancellationTokenSource.m */ = {isa = PBXFileReference; fileEncoding = 4; lastKnownFileType = sourcecode.c.objc; path = OSSCancellationTokenSource.m; sourceTree = "<group>"; };
		3E694D0A1FCD60030016C37E /* OSSExecutor.m */ = {isa = PBXFileReference; fileEncoding = 4; lastKnownFileType = sourcecode.c.objc; path = OSSExecutor.m; sourceTree = "<group>"; };
		3E694D0B1FCD60030016C37E /* OSSCancellationToken.h */ = {isa = PBXFileReference; fileEncoding = 4; lastKnownFileType = sourcecode.c.h; path = OSSCancellationToken.h; sourceTree = "<group>"; };
		3E694D0C1FCD60030016C37E /* OSSXMLDictionary.m */ = {isa = PBXFileReference; fileEncoding = 4; lastKnownFileType = sourcecode.c.objc; path = OSSXMLDictionary.m; sourceTree = "<group>"; };
		3E694D0D1FCD60030016C37E /* OSSUtil.m */ = {isa = PBXFileReference; fileEncoding = 4; lastKnownFileType = sourcecode.c.objc; path = OSSUtil.m; sourceTree = "<group>"; };
		3E694D0E1FCD60030016C37E /* OSSService.h */ = {isa = PBXFileReference; fileEncoding = 4; lastKnownFileType = sourcecode.c.h; path = OSSService.h; sourceTree = "<group>"; };
		AE4AA3171C76F1DA00795B27 /* UpYunFusionSDKDemo.app */ = {isa = PBXFileReference; explicitFileType = wrapper.application; includeInIndex = 0; path = UpYunFusionSDKDemo.app; sourceTree = BUILT_PRODUCTS_DIR; };
		AE4AA31B1C76F1DA00795B27 /* main.m */ = {isa = PBXFileReference; lastKnownFileType = sourcecode.c.objc; path = main.m; sourceTree = "<group>"; };
		AE4AA31D1C76F1DA00795B27 /* AppDelegate.h */ = {isa = PBXFileReference; lastKnownFileType = sourcecode.c.h; path = AppDelegate.h; sourceTree = "<group>"; };
		AE4AA31E1C76F1DA00795B27 /* AppDelegate.m */ = {isa = PBXFileReference; lastKnownFileType = sourcecode.c.objc; path = AppDelegate.m; sourceTree = "<group>"; };
		AE4AA3241C76F1DA00795B27 /* Base */ = {isa = PBXFileReference; lastKnownFileType = file.storyboard; name = Base; path = Base.lproj/Main.storyboard; sourceTree = "<group>"; };
		AE4AA3261C76F1DA00795B27 /* Assets.xcassets */ = {isa = PBXFileReference; lastKnownFileType = folder.assetcatalog; path = Assets.xcassets; sourceTree = "<group>"; };
		AE4AA3291C76F1DA00795B27 /* Base */ = {isa = PBXFileReference; lastKnownFileType = file.storyboard; name = Base; path = Base.lproj/LaunchScreen.storyboard; sourceTree = "<group>"; };
		AE4AA32B1C76F1DA00795B27 /* Info.plist */ = {isa = PBXFileReference; lastKnownFileType = text.plist.xml; path = Info.plist; sourceTree = "<group>"; };
		AE4AA3531C76F3D300795B27 /* image.jpg */ = {isa = PBXFileReference; lastKnownFileType = image.jpeg; path = image.jpg; sourceTree = "<group>"; };
		AE4AA3591C7ABDA400795B27 /* UpYunFusionSDKDemoTests.xctest */ = {isa = PBXFileReference; explicitFileType = wrapper.cfbundle; includeInIndex = 0; path = UpYunFusionSDKDemoTests.xctest; sourceTree = BUILT_PRODUCTS_DIR; };
		AE4AA3631C7ADC5700795B27 /* fileTest.file */ = {isa = PBXFileReference; fileEncoding = 4; lastKnownFileType = text; path = fileTest.file; sourceTree = "<group>"; };
		AE4AA3641C7ADC5700795B27 /* test2.png */ = {isa = PBXFileReference; lastKnownFileType = image.png; path = test2.png; sourceTree = "<group>"; };
/* End PBXFileReference section */

/* Begin PBXFrameworksBuildPhase section */
		AE4AA3141C76F1DA00795B27 /* Frameworks */ = {
			isa = PBXFrameworksBuildPhase;
			buildActionMask = 2147483647;
			files = (
			);
			runOnlyForDeploymentPostprocessing = 0;
		};
		AE4AA3561C7ABDA400795B27 /* Frameworks */ = {
			isa = PBXFrameworksBuildPhase;
			buildActionMask = 2147483647;
			files = (
			);
			runOnlyForDeploymentPostprocessing = 0;
		};
/* End PBXFrameworksBuildPhase section */

/* Begin PBXGroup section */
		3E694CA01FCD36A20016C37E /* UpYunSDK */ = {
			isa = PBXGroup;
			children = (
				3E694CA11FCD36A20016C37E /* class_deprecated */,
				3E694CB51FCD36A20016C37E /* class */,
			);
			path = UpYunSDK;
			sourceTree = "<group>";
		};
		3E694CA11FCD36A20016C37E /* class_deprecated */ = {
			isa = PBXGroup;
			children = (
				3E694CA41FCD36A20016C37E /* UPYUNConfig.h */,
				3E694CA21FCD36A20016C37E /* UPYUNConfig.m */,
				3E694CA31FCD36A20016C37E /* UpYun.h */,
				3E694CAD1FCD36A20016C37E /* UpYun.m */,
				3E694CA51FCD36A20016C37E /* UPMutUpload */,
				3E694CA81FCD36A20016C37E /* NSData+MD5Digest */,
				3E694CAE1FCD36A20016C37E /* HttpUtils */,
			);
			path = class_deprecated;
			sourceTree = "<group>";
		};
		3E694CA51FCD36A20016C37E /* UPMutUpload */ = {
			isa = PBXGroup;
			children = (
				3E694CA61FCD36A20016C37E /* UPMutUploaderManager.m */,
				3E694CA71FCD36A20016C37E /* UPMutUploaderManager.h */,
			);
			path = UPMutUpload;
			sourceTree = "<group>";
		};
		3E694CA81FCD36A20016C37E /* NSData+MD5Digest */ = {
			isa = PBXGroup;
			children = (
				3E694CAB1FCD36A20016C37E /* NSData+MD5Digest.h */,
				3E694CA91FCD36A20016C37E /* NSData+MD5Digest.m */,
				3E694CAA1FCD36A20016C37E /* NSString+NSHash.h */,
				3E694CAC1FCD36A20016C37E /* NSString+NSHash.m */,
			);
			path = "NSData+MD5Digest";
			sourceTree = "<group>";
		};
		3E694CAE1FCD36A20016C37E /* HttpUtils */ = {
			isa = PBXGroup;
			children = (
				3E694CAF1FCD36A20016C37E /* UPHTTPClient.m */,
				3E694CB01FCD36A20016C37E /* UPMultipartBody.h */,
				3E694CB11FCD36A20016C37E /* UPHTTPBodyPart.h */,
				3E694CB21FCD36A20016C37E /* UPMultipartBody.m */,
				3E694CB31FCD36A20016C37E /* UPHTTPClient.h */,
				3E694CB41FCD36A20016C37E /* UPHTTPBodyPart.m */,
			);
			path = HttpUtils;
			sourceTree = "<group>";
		};
		3E694CB51FCD36A20016C37E /* class */ = {
			isa = PBXGroup;
			children = (
				3E694CD31FCD3C840016C37E /* ThirdUpload */,
				3E694CB61FCD36A20016C37E /* UpLoader */,
				3E694CBE1FCD36A20016C37E /* Utils */,
			);
			path = class;
			sourceTree = "<group>";
		};
		3E694CB61FCD36A20016C37E /* UpLoader */ = {
			isa = PBXGroup;
			children = (
				3E694CB71FCD36A20016C37E /* UpYunUploader.h */,
				3E694CBB1FCD36A20016C37E /* UpYunFormUploader.h */,
				3E694CB81FCD36A20016C37E /* UpYunFormUploader.m */,
				3E694CBD1FCD36A20016C37E /* UpYunBlockUpLoader.h */,
				3E694CB91FCD36A20016C37E /* UpYunBlockUpLoader.m */,
				3E694CBC1FCD36A20016C37E /* UpYunFileDealManger.h */,
				3E694CBA1FCD36A20016C37E /* UpYunFileDealManger.m */,
			);
			path = UpLoader;
			sourceTree = "<group>";
		};
		3E694CBE1FCD36A20016C37E /* Utils */ = {
			isa = PBXGroup;
			children = (
				3E694CC11FCD36A20016C37E /* UpSimpleHttpClient.h */,
				3E694CBF1FCD36A20016C37E /* UpSimpleHttpClient.m */,
				3E694CC01FCD36A20016C37E /* UpApiUtils.h */,
				3E694CC21FCD36A20016C37E /* UpApiUtils.m */,
			);
			path = Utils;
			sourceTree = "<group>";
		};
		3E694CD31FCD3C840016C37E /* ThirdUpload */ = {
			isa = PBXGroup;
			children = (
				3E694CE51FCD60030016C37E /* AliyunOSSiOS */,
				3E694CD41FCD3CA60016C37E /* ThirdUpload.h */,
				3E694CD51FCD3CA60016C37E /* ThirdUpload.m */,
				3E694CD71FCD3D520016C37E /* AliyunUpload.h */,
				3E694CD91FCD3D530016C37E /* AliyunUpload.m */,
				3E694CDA1FCD3D530016C37E /* QiniuUpload.h */,
				3E694CD81FCD3D520016C37E /* QiniuUpload.m */,
			);
			name = ThirdUpload;
			sourceTree = "<group>";
		};
		3E694CE51FCD60030016C37E /* AliyunOSSiOS */ = {
			isa = PBXGroup;
			children = (
				3E694CE61FCD60030016C37E /* OSSNetworking.m */,
				3E694CE71FCD60030016C37E /* OSSModel.h */,
				3E694CE81FCD60030016C37E /* OSSClient.m */,
				3E694CE91FCD60030016C37E /* httpdns */,
				3E694CF21FCD60030016C37E /* OSSCompat.h */,
				3E694CF31FCD60030016C37E /* OSSLog.m */,
				3E694CF41FCD60030016C37E /* OSSUtil.h */,
				3E694CF51FCD60030016C37E /* OSSXMLDictionary.h */,
				3E694CF61FCD60030016C37E /* OSSClient.h */,
				3E694CF71FCD60030016C37E /* OSSModel.m */,
				3E694CF81FCD60030016C37E /* OSSNetworking.h */,
				3E694CF91FCD60030016C37E /* OSSCompat.m */,
				3E694CFA1FCD60030016C37E /* OSSLog.h */,
				3E694CFB1FCD60030016C37E /* OSSTask */,
				3E694D0C1FCD60030016C37E /* OSSXMLDictionary.m */,
				3E694D0D1FCD60030016C37E /* OSSUtil.m */,
				3E694D0E1FCD60030016C37E /* OSSService.h */,
			);
			path = AliyunOSSiOS;
			sourceTree = "<group>";
		};
		3E694CE91FCD60030016C37E /* httpdns */ = {
			isa = PBXGroup;
			children = (
				3E694CEA1FCD60030016C37E /* OSSHTTPDNSCacheTable.m */,
				3E694CEB1FCD60030016C37E /* OSSHTTPDNSTools.h */,
				3E694CEC1FCD60030016C37E /* OSSHTTPDNSMini.m */,
				3E694CED1FCD60030016C37E /* OSSHTTPDNSOrigin.m */,
				3E694CEE1FCD60030016C37E /* OSSHTTPDNSCacheTable.h */,
				3E694CEF1FCD60030016C37E /* OSSHTTPDNSTools.m */,
				3E694CF01FCD60030016C37E /* OSSHTTPDNSMini.h */,
				3E694CF11FCD60030016C37E /* OSSHTTPDNSOrigin.h */,
			);
			path = httpdns;
			sourceTree = "<group>";
		};
		3E694CFB1FCD60030016C37E /* OSSTask */ = {
			isa = PBXGroup;
			children = (
				3E694CFC1FCD60030016C37E /* OSSCancellationTokenRegistration.m */,
				3E694CFD1FCD60030016C37E /* OSSBolts.m */,
				3E694CFE1FCD60030016C37E /* OSSCancellationTokenSource.h */,
				3E694CFF1FCD60030016C37E /* OSSTaskCompletionSource.m */,
				3E694D001FCD60030016C37E /* OSSTask.m */,
				3E694D011FCD60030016C37E /* OSSCancellationToken.m */,
				3E694D021FCD60030016C37E /* OSSExecutor.h */,
				3E694D031FCD60030016C37E /* OSSBoltsVersion.h */,
				3E694D041FCD60030016C37E /* OSSCancellationTokenRegistration.h */,
				3E694D051FCD60030016C37E /* OSSBolts.h */,
				3E694D061FCD60030016C37E /* OSSDefines.h */,
				3E694D071FCD60030016C37E /* OSSTask.h */,
				3E694D081FCD60030016C37E /* OSSTaskCompletionSource.h */,
				3E694D091FCD60030016C37E /* OSSCancellationTokenSource.m */,
				3E694D0A1FCD60030016C37E /* OSSExecutor.m */,
				3E694D0B1FCD60030016C37E /* OSSCancellationToken.h */,
			);
			path = OSSTask;
			sourceTree = "<group>";
		};
		9148EAA077C94DD3549CE672 /* Frameworks */ = {
			isa = PBXGroup;
			children = (
			);
			name = Frameworks;
			sourceTree = "<group>";
		};
		AE4AA30E1C76F1DA00795B27 = {
			isa = PBXGroup;
			children = (
				AE4AA3191C76F1DA00795B27 /* UpYunFusionSDKDemo */,
				AE4AA3181C76F1DA00795B27 /* Products */,
				9148EAA077C94DD3549CE672 /* Frameworks */,
			);
			sourceTree = "<group>";
		};
		AE4AA3181C76F1DA00795B27 /* Products */ = {
			isa = PBXGroup;
			children = (
				AE4AA3171C76F1DA00795B27 /* UpYunFusionSDKDemo.app */,
				AE4AA3591C7ABDA400795B27 /* UpYunFusionSDKDemoTests.xctest */,
			);
			name = Products;
			sourceTree = "<group>";
		};
		AE4AA3191C76F1DA00795B27 /* UpYunFusionSDKDemo */ = {
			isa = PBXGroup;
			children = (
				3E694CA01FCD36A20016C37E /* UpYunSDK */,
				AE4AA31D1C76F1DA00795B27 /* AppDelegate.h */,
				AE4AA31E1C76F1DA00795B27 /* AppDelegate.m */,
				3E694CD11FCD37B50016C37E /* ViewController2.h */,
				3E694CD01FCD37B50016C37E /* ViewController2.m */,
				AE4AA3231C76F1DA00795B27 /* Main.storyboard */,
				AE4AA3261C76F1DA00795B27 /* Assets.xcassets */,
				AE4AA3281C76F1DA00795B27 /* LaunchScreen.storyboard */,
				AE4AA32B1C76F1DA00795B27 /* Info.plist */,
				AE4AA31A1C76F1DA00795B27 /* Supporting Files */,
			);
			path = UpYunFusionSDKDemo;
			sourceTree = "<group>";
		};
		AE4AA31A1C76F1DA00795B27 /* Supporting Files */ = {
			isa = PBXGroup;
			children = (
				AE4AA3631C7ADC5700795B27 /* fileTest.file */,
				AE4AA3641C7ADC5700795B27 /* test2.png */,
				AE4AA3531C76F3D300795B27 /* image.jpg */,
				AE4AA31B1C76F1DA00795B27 /* main.m */,
			);
			name = "Supporting Files";
			sourceTree = "<group>";
		};
/* End PBXGroup section */

/* Begin PBXNativeTarget section */
		AE4AA3161C76F1DA00795B27 /* UpYunFusionSDKDemo */ = {
			isa = PBXNativeTarget;
			buildConfigurationList = AE4AA32E1C76F1DA00795B27 /* Build configuration list for PBXNativeTarget "UpYunFusionSDKDemo" */;
			buildPhases = (
				AE4AA3131C76F1DA00795B27 /* Sources */,
				AE4AA3141C76F1DA00795B27 /* Frameworks */,
				AE4AA3151C76F1DA00795B27 /* Resources */,
			);
			buildRules = (
			);
			dependencies = (
			);
			name = UpYunFusionSDKDemo;
			productName = UpYunFusionSDKDemo;
			productReference = AE4AA3171C76F1DA00795B27 /* UpYunFusionSDKDemo.app */;
			productType = "com.apple.product-type.application";
		};
		AE4AA3581C7ABDA400795B27 /* UpYunFusionSDKDemoTests */ = {
			isa = PBXNativeTarget;
			buildConfigurationList = AE4AA3601C7ABDA400795B27 /* Build configuration list for PBXNativeTarget "UpYunFusionSDKDemoTests" */;
			buildPhases = (
				AE4AA3551C7ABDA400795B27 /* Sources */,
				AE4AA3561C7ABDA400795B27 /* Frameworks */,
				AE4AA3571C7ABDA400795B27 /* Resources */,
			);
			buildRules = (
			);
			dependencies = (
				AE4AA35F1C7ABDA400795B27 /* PBXTargetDependency */,
			);
			name = UpYunFusionSDKDemoTests;
			productName = UpYunFusionSDKDemoTests;
			productReference = AE4AA3591C7ABDA400795B27 /* UpYunFusionSDKDemoTests.xctest */;
			productType = "com.apple.product-type.bundle.unit-test";
		};
/* End PBXNativeTarget section */

/* Begin PBXProject section */
		AE4AA30F1C76F1DA00795B27 /* Project object */ = {
			isa = PBXProject;
			attributes = {
				LastUpgradeCheck = 0720;
				ORGANIZATIONNAME = upyun;
				TargetAttributes = {
					AE4AA3161C76F1DA00795B27 = {
						CreatedOnToolsVersion = 7.2;
						DevelopmentTeam = DCJ5V29KGG;
					};
					AE4AA3581C7ABDA400795B27 = {
						CreatedOnToolsVersion = 7.2;
						TestTargetID = AE4AA3161C76F1DA00795B27;
					};
				};
			};
			buildConfigurationList = AE4AA3121C76F1DA00795B27 /* Build configuration list for PBXProject "UpYunFusionSDKDemo" */;
			compatibilityVersion = "Xcode 3.2";
			developmentRegion = English;
			hasScannedForEncodings = 0;
			knownRegions = (
				en,
				Base,
			);
			mainGroup = AE4AA30E1C76F1DA00795B27;
			productRefGroup = AE4AA3181C76F1DA00795B27 /* Products */;
			projectDirPath = "";
			projectRoot = "";
			targets = (
				AE4AA3161C76F1DA00795B27 /* UpYunFusionSDKDemo */,
				AE4AA3581C7ABDA400795B27 /* UpYunFusionSDKDemoTests */,
			);
		};
/* End PBXProject section */

/* Begin PBXResourcesBuildPhase section */
		AE4AA3151C76F1DA00795B27 /* Resources */ = {
			isa = PBXResourcesBuildPhase;
			buildActionMask = 2147483647;
			files = (
				AE4AA3651C7ADC5700795B27 /* fileTest.file in Resources */,
				AE4AA32A1C76F1DA00795B27 /* LaunchScreen.storyboard in Resources */,
				AE4AA3661C7ADC5700795B27 /* test2.png in Resources */,
				AE4AA3271C76F1DA00795B27 /* Assets.xcassets in Resources */,
				AE4AA3251C76F1DA00795B27 /* Main.storyboard in Resources */,
				AE4AA3541C76F3D300795B27 /* image.jpg in Resources */,
			);
			runOnlyForDeploymentPostprocessing = 0;
		};
		AE4AA3571C7ABDA400795B27 /* Resources */ = {
			isa = PBXResourcesBuildPhase;
			buildActionMask = 2147483647;
			files = (
			);
			runOnlyForDeploymentPostprocessing = 0;
		};
/* End PBXResourcesBuildPhase section */

/* Begin PBXSourcesBuildPhase section */
		AE4AA3131C76F1DA00795B27 /* Sources */ = {
			isa = PBXSourcesBuildPhase;
			buildActionMask = 2147483647;
			files = (
				3E694CDC1FCD3D530016C37E /* AliyunUpload.m in Sources */,
				3E694D171FCD60030016C37E /* OSSCompat.m in Sources */,
				3E694CCE1FCD36A20016C37E /* UpSimpleHttpClient.m in Sources */,
				3E694D201FCD60030016C37E /* OSSUtil.m in Sources */,
				3E694D121FCD60030016C37E /* OSSHTTPDNSMini.m in Sources */,
				3E694D181FCD60030016C37E /* OSSCancellationTokenRegistration.m in Sources */,
				AE4AA31F1C76F1DA00795B27 /* AppDelegate.m in Sources */,
				3E694D1A1FCD60030016C37E /* OSSTaskCompletionSource.m in Sources */,
				AE4AA31C1C76F1DA00795B27 /* main.m in Sources */,
				3E694CCD1FCD36A20016C37E /* UpYunFileDealManger.m in Sources */,
				3E694D1F1FCD60030016C37E /* OSSXMLDictionary.m in Sources */,
				3E694CC91FCD36A20016C37E /* UPMultipartBody.m in Sources */,
				3E694D111FCD60030016C37E /* OSSHTTPDNSCacheTable.m in Sources */,
				3E694CD61FCD3CA60016C37E /* ThirdUpload.m in Sources */,
				3E694CC71FCD36A20016C37E /* UpYun.m in Sources */,
				3E694CCF1FCD36A20016C37E /* UpApiUtils.m in Sources */,
				3E694D1B1FCD60030016C37E /* OSSTask.m in Sources */,
				3E694CCA1FCD36A20016C37E /* UPHTTPBodyPart.m in Sources */,
				3E694CC41FCD36A20016C37E /* UPMutUploaderManager.m in Sources */,
				3E694CCB1FCD36A20016C37E /* UpYunFormUploader.m in Sources */,
				3E694D141FCD60030016C37E /* OSSHTTPDNSTools.m in Sources */,
				3E694D1E1FCD60030016C37E /* OSSExecutor.m in Sources */,
				3E694CC31FCD36A20016C37E /* UPYUNConfig.m in Sources */,
				3E694D101FCD60030016C37E /* OSSClient.m in Sources */,
				3E694D0F1FCD60030016C37E /* OSSNetworking.m in Sources */,
				3E694CC61FCD36A20016C37E /* NSString+NSHash.m in Sources */,
				3E694CCC1FCD36A20016C37E /* UpYunBlockUpLoader.m in Sources */,
				3E694CC51FCD36A20016C37E /* NSData+MD5Digest.m in Sources */,
				3E694D151FCD60030016C37E /* OSSLog.m in Sources */,
				3E694D1D1FCD60030016C37E /* OSSCancellationTokenSource.m in Sources */,
				3E694D161FCD60030016C37E /* OSSModel.m in Sources */,
				3E694D131FCD60030016C37E /* OSSHTTPDNSOrigin.m in Sources */,
				3E694D191FCD60030016C37E /* OSSBolts.m in Sources */,
				3E694CD21FCD37B50016C37E /* ViewController2.m in Sources */,
				3E694CC81FCD36A20016C37E /* UPHTTPClient.m in Sources */,
				3E694D1C1FCD60030016C37E /* OSSCancellationToken.m in Sources */,
				3E694CDB1FCD3D530016C37E /* QiniuUpload.m in Sources */,
			);
			runOnlyForDeploymentPostprocessing = 0;
		};
		AE4AA3551C7ABDA400795B27 /* Sources */ = {
			isa = PBXSourcesBuildPhase;
			buildActionMask = 2147483647;
			files = (
			);
			runOnlyForDeploymentPostprocessing = 0;
		};
/* End PBXSourcesBuildPhase section */

/* Begin PBXTargetDependency section */
		AE4AA35F1C7ABDA400795B27 /* PBXTargetDependency */ = {
			isa = PBXTargetDependency;
			target = AE4AA3161C76F1DA00795B27 /* UpYunFusionSDKDemo */;
			targetProxy = AE4AA35E1C7ABDA400795B27 /* PBXContainerItemProxy */;
		};
/* End PBXTargetDependency section */

/* Begin PBXVariantGroup section */
		AE4AA3231C76F1DA00795B27 /* Main.storyboard */ = {
			isa = PBXVariantGroup;
			children = (
				AE4AA3241C76F1DA00795B27 /* Base */,
			);
			name = Main.storyboard;
			sourceTree = "<group>";
		};
		AE4AA3281C76F1DA00795B27 /* LaunchScreen.storyboard */ = {
			isa = PBXVariantGroup;
			children = (
				AE4AA3291C76F1DA00795B27 /* Base */,
			);
			name = LaunchScreen.storyboard;
			sourceTree = "<group>";
		};
/* End PBXVariantGroup section */

/* Begin XCBuildConfiguration section */
		AE4AA32C1C76F1DA00795B27 /* Debug */ = {
			isa = XCBuildConfiguration;
			buildSettings = {
				ALWAYS_SEARCH_USER_PATHS = NO;
				CLANG_CXX_LANGUAGE_STANDARD = "gnu++0x";
				CLANG_CXX_LIBRARY = "libc++";
				CLANG_ENABLE_MODULES = YES;
				CLANG_ENABLE_OBJC_ARC = YES;
				CLANG_WARN_BOOL_CONVERSION = YES;
				CLANG_WARN_CONSTANT_CONVERSION = YES;
				CLANG_WARN_DIRECT_OBJC_ISA_USAGE = YES_ERROR;
				CLANG_WARN_EMPTY_BODY = YES;
				CLANG_WARN_ENUM_CONVERSION = YES;
				CLANG_WARN_INT_CONVERSION = YES;
				CLANG_WARN_OBJC_ROOT_CLASS = YES_ERROR;
				CLANG_WARN_UNREACHABLE_CODE = YES;
				CLANG_WARN__DUPLICATE_METHOD_MATCH = YES;
				"CODE_SIGN_IDENTITY[sdk=iphoneos*]" = "iPhone Developer";
				COPY_PHASE_STRIP = NO;
				DEBUG_INFORMATION_FORMAT = dwarf;
				ENABLE_STRICT_OBJC_MSGSEND = YES;
				ENABLE_TESTABILITY = YES;
				GCC_C_LANGUAGE_STANDARD = gnu99;
				GCC_DYNAMIC_NO_PIC = NO;
				GCC_NO_COMMON_BLOCKS = YES;
				GCC_OPTIMIZATION_LEVEL = 0;
				GCC_PREPROCESSOR_DEFINITIONS = (
					"DEBUG=1",
					"$(inherited)",
				);
				GCC_WARN_64_TO_32_BIT_CONVERSION = YES;
				GCC_WARN_ABOUT_RETURN_TYPE = YES_ERROR;
				GCC_WARN_UNDECLARED_SELECTOR = YES;
				GCC_WARN_UNINITIALIZED_AUTOS = YES_AGGRESSIVE;
				GCC_WARN_UNUSED_FUNCTION = YES;
				GCC_WARN_UNUSED_VARIABLE = YES;
				IPHONEOS_DEPLOYMENT_TARGET = 9.2;
				MTL_ENABLE_DEBUG_INFO = YES;
				ONLY_ACTIVE_ARCH = YES;
				SDKROOT = iphoneos;
				TARGETED_DEVICE_FAMILY = "1,2";
			};
			name = Debug;
		};
		AE4AA32D1C76F1DA00795B27 /* Release */ = {
			isa = XCBuildConfiguration;
			buildSettings = {
				ALWAYS_SEARCH_USER_PATHS = NO;
				CLANG_CXX_LANGUAGE_STANDARD = "gnu++0x";
				CLANG_CXX_LIBRARY = "libc++";
				CLANG_ENABLE_MODULES = YES;
				CLANG_ENABLE_OBJC_ARC = YES;
				CLANG_WARN_BOOL_CONVERSION = YES;
				CLANG_WARN_CONSTANT_CONVERSION = YES;
				CLANG_WARN_DIRECT_OBJC_ISA_USAGE = YES_ERROR;
				CLANG_WARN_EMPTY_BODY = YES;
				CLANG_WARN_ENUM_CONVERSION = YES;
				CLANG_WARN_INT_CONVERSION = YES;
				CLANG_WARN_OBJC_ROOT_CLASS = YES_ERROR;
				CLANG_WARN_UNREACHABLE_CODE = YES;
				CLANG_WARN__DUPLICATE_METHOD_MATCH = YES;
				"CODE_SIGN_IDENTITY[sdk=iphoneos*]" = "iPhone Developer";
				COPY_PHASE_STRIP = NO;
				DEBUG_INFORMATION_FORMAT = "dwarf-with-dsym";
				ENABLE_NS_ASSERTIONS = NO;
				ENABLE_STRICT_OBJC_MSGSEND = YES;
				GCC_C_LANGUAGE_STANDARD = gnu99;
				GCC_NO_COMMON_BLOCKS = YES;
				GCC_WARN_64_TO_32_BIT_CONVERSION = YES;
				GCC_WARN_ABOUT_RETURN_TYPE = YES_ERROR;
				GCC_WARN_UNDECLARED_SELECTOR = YES;
				GCC_WARN_UNINITIALIZED_AUTOS = YES_AGGRESSIVE;
				GCC_WARN_UNUSED_FUNCTION = YES;
				GCC_WARN_UNUSED_VARIABLE = YES;
				IPHONEOS_DEPLOYMENT_TARGET = 9.2;
				MTL_ENABLE_DEBUG_INFO = NO;
				SDKROOT = iphoneos;
				TARGETED_DEVICE_FAMILY = "1,2";
				VALIDATE_PRODUCT = YES;
			};
			name = Release;
		};
		AE4AA32F1C76F1DA00795B27 /* Debug */ = {
			isa = XCBuildConfiguration;
			buildSettings = {
				ASSETCATALOG_COMPILER_APPICON_NAME = AppIcon;
				DEVELOPMENT_TEAM = DCJ5V29KGG;
				ENABLE_BITCODE = NO;
				FRAMEWORK_SEARCH_PATHS = (
					"$(inherited)",
					"$(PROJECT_DIR)/UpYunFusionSDKDemo/UpYunSDK/class",
				);
				INFOPLIST_FILE = UpYunFusionSDKDemo/Info.plist;
				IPHONEOS_DEPLOYMENT_TARGET = 8.0;
				LD_RUNPATH_SEARCH_PATHS = "$(inherited) @executable_path/Frameworks";
				ONLY_ACTIVE_ARCH = NO;
				OTHER_LDFLAGS = "-ObjC";
				PRODUCT_BUNDLE_IDENTIFIER = com.upyun.UpYunFusionSDKDemo;
				PRODUCT_NAME = "$(TARGET_NAME)";
				TARGETED_DEVICE_FAMILY = "1,2";
				VALID_ARCHS = "armv7 armv7s arm64";
			};
			name = Debug;
		};
		AE4AA3301C76F1DA00795B27 /* Release */ = {
			isa = XCBuildConfiguration;
			buildSettings = {
				ASSETCATALOG_COMPILER_APPICON_NAME = AppIcon;
				DEVELOPMENT_TEAM = DCJ5V29KGG;
				ENABLE_BITCODE = NO;
				FRAMEWORK_SEARCH_PATHS = (
					"$(inherited)",
					"$(PROJECT_DIR)/UpYunFusionSDKDemo/UpYunSDK/class",
				);
				INFOPLIST_FILE = UpYunFusionSDKDemo/Info.plist;
				IPHONEOS_DEPLOYMENT_TARGET = 8.0;
				LD_RUNPATH_SEARCH_PATHS = "$(inherited) @executable_path/Frameworks";
				ONLY_ACTIVE_ARCH = NO;
				OTHER_LDFLAGS = "-ObjC";
				PRODUCT_BUNDLE_IDENTIFIER = com.upyun.UpYunFusionSDKDemo;
				PRODUCT_NAME = "$(TARGET_NAME)";
				TARGETED_DEVICE_FAMILY = "1,2";
				VALID_ARCHS = "armv7 armv7s arm64";
			};
			name = Release;
		};
		AE4AA3611C7ABDA400795B27 /* Debug */ = {
			isa = XCBuildConfiguration;
			buildSettings = {
				BUNDLE_LOADER = "$(TEST_HOST)";
				INFOPLIST_FILE = UpYunFusionSDKDemoTests/Info.plist;
				LD_RUNPATH_SEARCH_PATHS = "$(inherited) @executable_path/Frameworks @loader_path/Frameworks";
				PRODUCT_BUNDLE_IDENTIFIER = com.upyun.UpYunFusionSDKDemoTests;
				PRODUCT_NAME = "$(TARGET_NAME)";
				TEST_HOST = "$(BUILT_PRODUCTS_DIR)/UpYunFusionSDKDemo.app/UpYunFusionSDKDemo";
			};
			name = Debug;
		};
		AE4AA3621C7ABDA400795B27 /* Release */ = {
			isa = XCBuildConfiguration;
			buildSettings = {
				BUNDLE_LOADER = "$(TEST_HOST)";
				INFOPLIST_FILE = UpYunFusionSDKDemoTests/Info.plist;
				LD_RUNPATH_SEARCH_PATHS = "$(inherited) @executable_path/Frameworks @loader_path/Frameworks";
				PRODUCT_BUNDLE_IDENTIFIER = com.upyun.UpYunFusionSDKDemoTests;
				PRODUCT_NAME = "$(TARGET_NAME)";
				TEST_HOST = "$(BUILT_PRODUCTS_DIR)/UpYunFusionSDKDemo.app/UpYunFusionSDKDemo";
			};
			name = Release;
		};
/* End XCBuildConfiguration section */

/* Begin XCConfigurationList section */
		AE4AA3121C76F1DA00795B27 /* Build configuration list for PBXProject "UpYunFusionSDKDemo" */ = {
			isa = XCConfigurationList;
			buildConfigurations = (
				AE4AA32C1C76F1DA00795B27 /* Debug */,
				AE4AA32D1C76F1DA00795B27 /* Release */,
			);
			defaultConfigurationIsVisible = 0;
			defaultConfigurationName = Release;
		};
		AE4AA32E1C76F1DA00795B27 /* Build configuration list for PBXNativeTarget "UpYunFusionSDKDemo" */ = {
			isa = XCConfigurationList;
			buildConfigurations = (
				AE4AA32F1C76F1DA00795B27 /* Debug */,
				AE4AA3301C76F1DA00795B27 /* Release */,
			);
			defaultConfigurationIsVisible = 0;
			defaultConfigurationName = Release;
		};
		AE4AA3601C7ABDA400795B27 /* Build configuration list for PBXNativeTarget "UpYunFusionSDKDemoTests" */ = {
			isa = XCConfigurationList;
			buildConfigurations = (
				AE4AA3611C7ABDA400795B27 /* Debug */,
				AE4AA3621C7ABDA400795B27 /* Release */,
			);
			defaultConfigurationIsVisible = 0;
			defaultConfigurationName = Release;
		};
/* End XCConfigurationList section */
	};
	rootObject = AE4AA30F1C76F1DA00795B27 /* Project object */;
}
