// !$*UTF8*$!
{
	archiveVersion = 1;
	classes = {
	};
	objectVersion = 46;
	objects = {

/* Begin PBXBuildFile section */
		89330D9F60C9C8233A1B4B58 /* libPods.a in Frameworks */ = {isa = PBXBuildFile; fileRef = AF367AE5128B055C7921A27C /* libPods.a */; };
		AE4AA31C1C76F1DA00795B27 /* main.m in Sources */ = {isa = PBXBuildFile; fileRef = AE4AA31B1C76F1DA00795B27 /* main.m */; };
		AE4AA31F1C76F1DA00795B27 /* AppDelegate.m in Sources */ = {isa = PBXBuildFile; fileRef = AE4AA31E1C76F1DA00795B27 /* AppDelegate.m */; };
		AE4AA3221C76F1DA00795B27 /* ViewController.m in Sources */ = {isa = PBXBuildFile; fileRef = AE4AA3211C76F1DA00795B27 /* ViewController.m */; };
		AE4AA3251C76F1DA00795B27 /* Main.storyboard in Resources */ = {isa = PBXBuildFile; fileRef = AE4AA3231C76F1DA00795B27 /* Main.storyboard */; };
		AE4AA3271C76F1DA00795B27 /* Assets.xcassets in Resources */ = {isa = PBXBuildFile; fileRef = AE4AA3261C76F1DA00795B27 /* Assets.xcassets */; };
		AE4AA32A1C76F1DA00795B27 /* LaunchScreen.storyboard in Resources */ = {isa = PBXBuildFile; fileRef = AE4AA3281C76F1DA00795B27 /* LaunchScreen.storyboard */; };
		AE4AA3541C76F3D300795B27 /* image.jpg in Resources */ = {isa = PBXBuildFile; fileRef = AE4AA3531C76F3D300795B27 /* image.jpg */; };
		AE4AA35C1C7ABDA400795B27 /* UpYunFusionSDKDemoTests.m in Sources */ = {isa = PBXBuildFile; fileRef = AE4AA35B1C7ABDA400795B27 /* UpYunFusionSDKDemoTests.m */; };
		AE4AA3651C7ADC5700795B27 /* fileTest.file in Resources */ = {isa = PBXBuildFile; fileRef = AE4AA3631C7ADC5700795B27 /* fileTest.file */; };
		AE4AA3661C7ADC5700795B27 /* test2.png in Resources */ = {isa = PBXBuildFile; fileRef = AE4AA3641C7ADC5700795B27 /* test2.png */; };
		AE4AA36B1C7AFE5B00795B27 /* UpYun.m in Sources */ = {isa = PBXBuildFile; fileRef = AE4AA3681C7AFE5B00795B27 /* UpYun.m */; };
		AE4AA36C1C7AFE5B00795B27 /* UPYUNConfig.m in Sources */ = {isa = PBXBuildFile; fileRef = AE4AA36A1C7AFE5B00795B27 /* UPYUNConfig.m */; };
		AE4AA38D1C7AFFA000795B27 /* NSData+MD5Digest.m in Sources */ = {isa = PBXBuildFile; fileRef = AE4AA38A1C7AFFA000795B27 /* NSData+MD5Digest.m */; };
		AE4AA38E1C7AFFA000795B27 /* NSString+NSHash.m in Sources */ = {isa = PBXBuildFile; fileRef = AE4AA38C1C7AFFA000795B27 /* NSString+NSHash.m */; };
		AE4AA3931C7B001900795B27 /* UPHTTPBodyPart.m in Sources */ = {isa = PBXBuildFile; fileRef = AE4AA3901C7B001900795B27 /* UPHTTPBodyPart.m */; };
		AE4AA3941C7B001900795B27 /* UPHTTPClient.m in Sources */ = {isa = PBXBuildFile; fileRef = AE4AA3921C7B001900795B27 /* UPHTTPClient.m */; };
		AE4AA3991C7B002700795B27 /* AliyunUpload.m in Sources */ = {isa = PBXBuildFile; fileRef = AE4AA3961C7B002700795B27 /* AliyunUpload.m */; };
		AE4AA39A1C7B002700795B27 /* QiniuUpload.m in Sources */ = {isa = PBXBuildFile; fileRef = AE4AA3981C7B002700795B27 /* QiniuUpload.m */; };
		AE4AA39D1C7B00A000795B27 /* UPMutUploaderManager.m in Sources */ = {isa = PBXBuildFile; fileRef = AE4AA39C1C7B00A000795B27 /* UPMutUploaderManager.m */; };
		AE4AA3A01C7B00AE00795B27 /* UPMultipartBody.m in Sources */ = {isa = PBXBuildFile; fileRef = AE4AA39F1C7B00AE00795B27 /* UPMultipartBody.m */; };
/* End PBXBuildFile section */

/* Begin PBXContainerItemProxy section */
		AE4AA35E1C7ABDA400795B27 /* PBXContainerItemProxy */ = {
			isa = PBXContainerItemProxy;
			containerPortal = AE4AA30F1C76F1DA00795B27 /* Project object */;
			proxyType = 1;
			remoteGlobalIDString = AE4AA3161C76F1DA00795B27;
			remoteInfo = UpYunFusionSDKDemo;
		};
/* End PBXContainerItemProxy section */

/* Begin PBXFileReference section */
		5318390A80D9AD9B76505613 /* Pods.debug.xcconfig */ = {isa = PBXFileReference; includeInIndex = 1; lastKnownFileType = text.xcconfig; name = Pods.debug.xcconfig; path = "Pods/Target Support Files/Pods/Pods.debug.xcconfig"; sourceTree = "<group>"; };
		AE4AA3171C76F1DA00795B27 /* UpYunFusionSDKDemo.app */ = {isa = PBXFileReference; explicitFileType = wrapper.application; includeInIndex = 0; path = UpYunFusionSDKDemo.app; sourceTree = BUILT_PRODUCTS_DIR; };
		AE4AA31B1C76F1DA00795B27 /* main.m */ = {isa = PBXFileReference; lastKnownFileType = sourcecode.c.objc; path = main.m; sourceTree = "<group>"; };
		AE4AA31D1C76F1DA00795B27 /* AppDelegate.h */ = {isa = PBXFileReference; lastKnownFileType = sourcecode.c.h; path = AppDelegate.h; sourceTree = "<group>"; };
		AE4AA31E1C76F1DA00795B27 /* AppDelegate.m */ = {isa = PBXFileReference; lastKnownFileType = sourcecode.c.objc; path = AppDelegate.m; sourceTree = "<group>"; };
		AE4AA3201C76F1DA00795B27 /* ViewController.h */ = {isa = PBXFileReference; lastKnownFileType = sourcecode.c.h; path = ViewController.h; sourceTree = "<group>"; };
		AE4AA3211C76F1DA00795B27 /* ViewController.m */ = {isa = PBXFileReference; lastKnownFileType = sourcecode.c.objc; path = ViewController.m; sourceTree = "<group>"; };
		AE4AA3241C76F1DA00795B27 /* Base */ = {isa = PBXFileReference; lastKnownFileType = file.storyboard; name = Base; path = Base.lproj/Main.storyboard; sourceTree = "<group>"; };
		AE4AA3261C76F1DA00795B27 /* Assets.xcassets */ = {isa = PBXFileReference; lastKnownFileType = folder.assetcatalog; path = Assets.xcassets; sourceTree = "<group>"; };
		AE4AA3291C76F1DA00795B27 /* Base */ = {isa = PBXFileReference; lastKnownFileType = file.storyboard; name = Base; path = Base.lproj/LaunchScreen.storyboard; sourceTree = "<group>"; };
		AE4AA32B1C76F1DA00795B27 /* Info.plist */ = {isa = PBXFileReference; lastKnownFileType = text.plist.xml; path = Info.plist; sourceTree = "<group>"; };
		AE4AA3531C76F3D300795B27 /* image.jpg */ = {isa = PBXFileReference; lastKnownFileType = image.jpeg; path = image.jpg; sourceTree = "<group>"; };
		AE4AA3591C7ABDA400795B27 /* UpYunFusionSDKDemoTests.xctest */ = {isa = PBXFileReference; explicitFileType = wrapper.cfbundle; includeInIndex = 0; path = UpYunFusionSDKDemoTests.xctest; sourceTree = BUILT_PRODUCTS_DIR; };
		AE4AA35B1C7ABDA400795B27 /* UpYunFusionSDKDemoTests.m */ = {isa = PBXFileReference; lastKnownFileType = sourcecode.c.objc; path = UpYunFusionSDKDemoTests.m; sourceTree = "<group>"; };
		AE4AA35D1C7ABDA400795B27 /* Info.plist */ = {isa = PBXFileReference; lastKnownFileType = text.plist.xml; path = Info.plist; sourceTree = "<group>"; };
		AE4AA3631C7ADC5700795B27 /* fileTest.file */ = {isa = PBXFileReference; fileEncoding = 4; lastKnownFileType = text; path = fileTest.file; sourceTree = "<group>"; };
		AE4AA3641C7ADC5700795B27 /* test2.png */ = {isa = PBXFileReference; lastKnownFileType = image.png; path = test2.png; sourceTree = "<group>"; };
		AE4AA3671C7AFE5B00795B27 /* UpYun.h */ = {isa = PBXFileReference; fileEncoding = 4; lastKnownFileType = sourcecode.c.h; path = UpYun.h; sourceTree = "<group>"; };
		AE4AA3681C7AFE5B00795B27 /* UpYun.m */ = {isa = PBXFileReference; fileEncoding = 4; lastKnownFileType = sourcecode.c.objc; path = UpYun.m; sourceTree = "<group>"; };
		AE4AA3691C7AFE5B00795B27 /* UPYUNConfig.h */ = {isa = PBXFileReference; fileEncoding = 4; lastKnownFileType = sourcecode.c.h; path = UPYUNConfig.h; sourceTree = "<group>"; };
		AE4AA36A1C7AFE5B00795B27 /* UPYUNConfig.m */ = {isa = PBXFileReference; fileEncoding = 4; lastKnownFileType = sourcecode.c.objc; path = UPYUNConfig.m; sourceTree = "<group>"; };
		AE4AA3891C7AFFA000795B27 /* NSData+MD5Digest.h */ = {isa = PBXFileReference; fileEncoding = 4; lastKnownFileType = sourcecode.c.h; path = "NSData+MD5Digest.h"; sourceTree = "<group>"; };
		AE4AA38A1C7AFFA000795B27 /* NSData+MD5Digest.m */ = {isa = PBXFileReference; fileEncoding = 4; lastKnownFileType = sourcecode.c.objc; path = "NSData+MD5Digest.m"; sourceTree = "<group>"; };
		AE4AA38B1C7AFFA000795B27 /* NSString+NSHash.h */ = {isa = PBXFileReference; fileEncoding = 4; lastKnownFileType = sourcecode.c.h; path = "NSString+NSHash.h"; sourceTree = "<group>"; };
		AE4AA38C1C7AFFA000795B27 /* NSString+NSHash.m */ = {isa = PBXFileReference; fileEncoding = 4; lastKnownFileType = sourcecode.c.objc; path = "NSString+NSHash.m"; sourceTree = "<group>"; };
		AE4AA38F1C7B001900795B27 /* UPHTTPBodyPart.h */ = {isa = PBXFileReference; fileEncoding = 4; lastKnownFileType = sourcecode.c.h; name = UPHTTPBodyPart.h; path = Utils/HttpUtils/UPHTTPBodyPart.h; sourceTree = "<group>"; };
		AE4AA3901C7B001900795B27 /* UPHTTPBodyPart.m */ = {isa = PBXFileReference; fileEncoding = 4; lastKnownFileType = sourcecode.c.objc; name = UPHTTPBodyPart.m; path = Utils/HttpUtils/UPHTTPBodyPart.m; sourceTree = "<group>"; };
		AE4AA3911C7B001900795B27 /* UPHTTPClient.h */ = {isa = PBXFileReference; fileEncoding = 4; lastKnownFileType = sourcecode.c.h; name = UPHTTPClient.h; path = Utils/HttpUtils/UPHTTPClient.h; sourceTree = "<group>"; };
		AE4AA3921C7B001900795B27 /* UPHTTPClient.m */ = {isa = PBXFileReference; fileEncoding = 4; lastKnownFileType = sourcecode.c.objc; name = UPHTTPClient.m; path = Utils/HttpUtils/UPHTTPClient.m; sourceTree = "<group>"; };
		AE4AA3951C7B002700795B27 /* AliyunUpload.h */ = {isa = PBXFileReference; fileEncoding = 4; lastKnownFileType = sourcecode.c.h; name = AliyunUpload.h; path = Utils/ThirdUpload/AliyunUpload.h; sourceTree = "<group>"; };
		AE4AA3961C7B002700795B27 /* AliyunUpload.m */ = {isa = PBXFileReference; fileEncoding = 4; lastKnownFileType = sourcecode.c.objc; name = AliyunUpload.m; path = Utils/ThirdUpload/AliyunUpload.m; sourceTree = "<group>"; };
		AE4AA3971C7B002700795B27 /* QiniuUpload.h */ = {isa = PBXFileReference; fileEncoding = 4; lastKnownFileType = sourcecode.c.h; name = QiniuUpload.h; path = Utils/ThirdUpload/QiniuUpload.h; sourceTree = "<group>"; };
		AE4AA3981C7B002700795B27 /* QiniuUpload.m */ = {isa = PBXFileReference; fileEncoding = 4; lastKnownFileType = sourcecode.c.objc; name = QiniuUpload.m; path = Utils/ThirdUpload/QiniuUpload.m; sourceTree = "<group>"; };
		AE4AA39B1C7B00A000795B27 /* UPMutUploaderManager.h */ = {isa = PBXFileReference; fileEncoding = 4; lastKnownFileType = sourcecode.c.h; name = UPMutUploaderManager.h; path = Utils/UPYUNUpload/UPMutUploaderManager.h; sourceTree = "<group>"; };
		AE4AA39C1C7B00A000795B27 /* UPMutUploaderManager.m */ = {isa = PBXFileReference; fileEncoding = 4; lastKnownFileType = sourcecode.c.objc; name = UPMutUploaderManager.m; path = Utils/UPYUNUpload/UPMutUploaderManager.m; sourceTree = "<group>"; };
		AE4AA39E1C7B00AE00795B27 /* UPMultipartBody.h */ = {isa = PBXFileReference; fileEncoding = 4; lastKnownFileType = sourcecode.c.h; name = UPMultipartBody.h; path = Utils/HttpUtils/UPMultipartBody.h; sourceTree = "<group>"; };
		AE4AA39F1C7B00AE00795B27 /* UPMultipartBody.m */ = {isa = PBXFileReference; fileEncoding = 4; lastKnownFileType = sourcecode.c.objc; name = UPMultipartBody.m; path = Utils/HttpUtils/UPMultipartBody.m; sourceTree = "<group>"; };
		AF367AE5128B055C7921A27C /* libPods.a */ = {isa = PBXFileReference; explicitFileType = archive.ar; includeInIndex = 0; path = libPods.a; sourceTree = BUILT_PRODUCTS_DIR; };
		B21C02135BA9CD0E9EFB5F85 /* Pods.release.xcconfig */ = {isa = PBXFileReference; includeInIndex = 1; lastKnownFileType = text.xcconfig; name = Pods.release.xcconfig; path = "Pods/Target Support Files/Pods/Pods.release.xcconfig"; sourceTree = "<group>"; };
/* End PBXFileReference section */

/* Begin PBXFrameworksBuildPhase section */
		AE4AA3141C76F1DA00795B27 /* Frameworks */ = {
			isa = PBXFrameworksBuildPhase;
			buildActionMask = 2147483647;
			files = (
				89330D9F60C9C8233A1B4B58 /* libPods.a in Frameworks */,
			);
			runOnlyForDeploymentPostprocessing = 0;
		};
		AE4AA3561C7ABDA400795B27 /* Frameworks */ = {
			isa = PBXFrameworksBuildPhase;
			buildActionMask = 2147483647;
			files = (
			);
			runOnlyForDeploymentPostprocessing = 0;
		};
/* End PBXFrameworksBuildPhase section */

/* Begin PBXGroup section */
		00F16445A52A980317628625 /* Frameworks */ = {
			isa = PBXGroup;
			children = (
				AF367AE5128B055C7921A27C /* libPods.a */,
			);
			name = Frameworks;
			sourceTree = "<group>";
		};
		30F9A84D269CB41EDF7980BE /* Pods */ = {
			isa = PBXGroup;
			children = (
				5318390A80D9AD9B76505613 /* Pods.debug.xcconfig */,
				B21C02135BA9CD0E9EFB5F85 /* Pods.release.xcconfig */,
			);
			name = Pods;
			sourceTree = "<group>";
		};
		AE4AA30E1C76F1DA00795B27 = {
			isa = PBXGroup;
			children = (
				AE4AA3191C76F1DA00795B27 /* UpYunFusionSDKDemo */,
				AE4AA35A1C7ABDA400795B27 /* UpYunFusionSDKDemoTests */,
				AE4AA3181C76F1DA00795B27 /* Products */,
				30F9A84D269CB41EDF7980BE /* Pods */,
				00F16445A52A980317628625 /* Frameworks */,
			);
			sourceTree = "<group>";
		};
		AE4AA3181C76F1DA00795B27 /* Products */ = {
			isa = PBXGroup;
			children = (
				AE4AA3171C76F1DA00795B27 /* UpYunFusionSDKDemo.app */,
				AE4AA3591C7ABDA400795B27 /* UpYunFusionSDKDemoTests.xctest */,
			);
			name = Products;
			sourceTree = "<group>";
		};
		AE4AA3191C76F1DA00795B27 /* UpYunFusionSDKDemo */ = {
			isa = PBXGroup;
			children = (
				AE4AA3331C76F30500795B27 /* UpYunSDK */,
				AE4AA31D1C76F1DA00795B27 /* AppDelegate.h */,
				AE4AA31E1C76F1DA00795B27 /* AppDelegate.m */,
				AE4AA3201C76F1DA00795B27 /* ViewController.h */,
				AE4AA3211C76F1DA00795B27 /* ViewController.m */,
				AE4AA3231C76F1DA00795B27 /* Main.storyboard */,
				AE4AA3261C76F1DA00795B27 /* Assets.xcassets */,
				AE4AA3281C76F1DA00795B27 /* LaunchScreen.storyboard */,
				AE4AA32B1C76F1DA00795B27 /* Info.plist */,
				AE4AA31A1C76F1DA00795B27 /* Supporting Files */,
			);
			path = UpYunFusionSDKDemo;
			sourceTree = "<group>";
		};
		AE4AA31A1C76F1DA00795B27 /* Supporting Files */ = {
			isa = PBXGroup;
			children = (
				AE4AA3631C7ADC5700795B27 /* fileTest.file */,
				AE4AA3641C7ADC5700795B27 /* test2.png */,
				AE4AA3531C76F3D300795B27 /* image.jpg */,
				AE4AA31B1C76F1DA00795B27 /* main.m */,
			);
			name = "Supporting Files";
			sourceTree = "<group>";
		};
		AE4AA3331C76F30500795B27 /* UpYunSDK */ = {
			isa = PBXGroup;
			children = (
				AE4AA3671C7AFE5B00795B27 /* UpYun.h */,
				AE4AA3681C7AFE5B00795B27 /* UpYun.m */,
				AE4AA3691C7AFE5B00795B27 /* UPYUNConfig.h */,
				AE4AA36A1C7AFE5B00795B27 /* UPYUNConfig.m */,
				AE4AA33A1C76F33800795B27 /* Utils */,
			);
			name = UpYunSDK;
			path = ../UpYunSDK;
			sourceTree = "<group>";
		};
		AE4AA33A1C76F33800795B27 /* Utils */ = {
			isa = PBXGroup;
			children = (
				AE4AA3881C7AFF1B00795B27 /* UPYUNUpload */,
				AE4AA3871C7AFECB00795B27 /* HttpUtils */,
				AE4AA3861C7AFEA900795B27 /* ThirdUpload */,
				AE4AA3851C7AFE9900795B27 /* EncodeUtils */,
			);
			name = Utils;
			sourceTree = "<group>";
		};
		AE4AA35A1C7ABDA400795B27 /* UpYunFusionSDKDemoTests */ = {
			isa = PBXGroup;
			children = (
				AE4AA35B1C7ABDA400795B27 /* UpYunFusionSDKDemoTests.m */,
				AE4AA35D1C7ABDA400795B27 /* Info.plist */,
			);
			path = UpYunFusionSDKDemoTests;
			sourceTree = "<group>";
		};
		AE4AA3851C7AFE9900795B27 /* EncodeUtils */ = {
			isa = PBXGroup;
			children = (
				AE4AA3891C7AFFA000795B27 /* NSData+MD5Digest.h */,
				AE4AA38A1C7AFFA000795B27 /* NSData+MD5Digest.m */,
				AE4AA38B1C7AFFA000795B27 /* NSString+NSHash.h */,
				AE4AA38C1C7AFFA000795B27 /* NSString+NSHash.m */,
			);
			name = EncodeUtils;
			path = Utils/EncodeUtlis;
			sourceTree = "<group>";
		};
		AE4AA3861C7AFEA900795B27 /* ThirdUpload */ = {
			isa = PBXGroup;
			children = (
				AE4AA3951C7B002700795B27 /* AliyunUpload.h */,
				AE4AA3961C7B002700795B27 /* AliyunUpload.m */,
				AE4AA3971C7B002700795B27 /* QiniuUpload.h */,
				AE4AA3981C7B002700795B27 /* QiniuUpload.m */,
			);
			name = ThirdUpload;
			sourceTree = "<group>";
		};
		AE4AA3871C7AFECB00795B27 /* HttpUtils */ = {
			isa = PBXGroup;
			children = (
				AE4AA39E1C7B00AE00795B27 /* UPMultipartBody.h */,
				AE4AA39F1C7B00AE00795B27 /* UPMultipartBody.m */,
				AE4AA38F1C7B001900795B27 /* UPHTTPBodyPart.h */,
				AE4AA3901C7B001900795B27 /* UPHTTPBodyPart.m */,
				AE4AA3911C7B001900795B27 /* UPHTTPClient.h */,
				AE4AA3921C7B001900795B27 /* UPHTTPClient.m */,
			);
			name = HttpUtils;
			sourceTree = "<group>";
		};
		AE4AA3881C7AFF1B00795B27 /* UPYUNUpload */ = {
			isa = PBXGroup;
			children = (
				AE4AA39B1C7B00A000795B27 /* UPMutUploaderManager.h */,
				AE4AA39C1C7B00A000795B27 /* UPMutUploaderManager.m */,
			);
			name = UPYUNUpload;
			sourceTree = "<group>";
		};
/* End PBXGroup section */

/* Begin PBXNativeTarget section */
		AE4AA3161C76F1DA00795B27 /* UpYunFusionSDKDemo */ = {
			isa = PBXNativeTarget;
			buildConfigurationList = AE4AA32E1C76F1DA00795B27 /* Build configuration list for PBXNativeTarget "UpYunFusionSDKDemo" */;
			buildPhases = (
				B5576AE9641EC3BBBB442F99 /* Check Pods Manifest.lock */,
				AE4AA3131C76F1DA00795B27 /* Sources */,
				AE4AA3141C76F1DA00795B27 /* Frameworks */,
				AE4AA3151C76F1DA00795B27 /* Resources */,
				4FE82A3585756CA3CDB97632 /* Embed Pods Frameworks */,
				9A5DAA55F73043F73EEC9E10 /* Copy Pods Resources */,
			);
			buildRules = (
			);
			dependencies = (
			);
			name = UpYunFusionSDKDemo;
			productName = UpYunFusionSDKDemo;
			productReference = AE4AA3171C76F1DA00795B27 /* UpYunFusionSDKDemo.app */;
			productType = "com.apple.product-type.application";
		};
		AE4AA3581C7ABDA400795B27 /* UpYunFusionSDKDemoTests */ = {
			isa = PBXNativeTarget;
			buildConfigurationList = AE4AA3601C7ABDA400795B27 /* Build configuration list for PBXNativeTarget "UpYunFusionSDKDemoTests" */;
			buildPhases = (
				AE4AA3551C7ABDA400795B27 /* Sources */,
				AE4AA3561C7ABDA400795B27 /* Frameworks */,
				AE4AA3571C7ABDA400795B27 /* Resources */,
			);
			buildRules = (
			);
			dependencies = (
				AE4AA35F1C7ABDA400795B27 /* PBXTargetDependency */,
			);
			name = UpYunFusionSDKDemoTests;
			productName = UpYunFusionSDKDemoTests;
			productReference = AE4AA3591C7ABDA400795B27 /* UpYunFusionSDKDemoTests.xctest */;
			productType = "com.apple.product-type.bundle.unit-test";
		};
/* End PBXNativeTarget section */

/* Begin PBXProject section */
		AE4AA30F1C76F1DA00795B27 /* Project object */ = {
			isa = PBXProject;
			attributes = {
				LastUpgradeCheck = 0720;
				ORGANIZATIONNAME = upyun;
				TargetAttributes = {
					AE4AA3161C76F1DA00795B27 = {
						CreatedOnToolsVersion = 7.2;
					};
					AE4AA3581C7ABDA400795B27 = {
						CreatedOnToolsVersion = 7.2;
						TestTargetID = AE4AA3161C76F1DA00795B27;
					};
				};
			};
			buildConfigurationList = AE4AA3121C76F1DA00795B27 /* Build configuration list for PBXProject "UpYunFusionSDKDemo" */;
			compatibilityVersion = "Xcode 3.2";
			developmentRegion = English;
			hasScannedForEncodings = 0;
			knownRegions = (
				en,
				Base,
			);
			mainGroup = AE4AA30E1C76F1DA00795B27;
			productRefGroup = AE4AA3181C76F1DA00795B27 /* Products */;
			projectDirPath = "";
			projectRoot = "";
			targets = (
				AE4AA3161C76F1DA00795B27 /* UpYunFusionSDKDemo */,
				AE4AA3581C7ABDA400795B27 /* UpYunFusionSDKDemoTests */,
			);
		};
/* End PBXProject section */

/* Begin PBXResourcesBuildPhase section */
		AE4AA3151C76F1DA00795B27 /* Resources */ = {
			isa = PBXResourcesBuildPhase;
			buildActionMask = 2147483647;
			files = (
				AE4AA3651C7ADC5700795B27 /* fileTest.file in Resources */,
				AE4AA32A1C76F1DA00795B27 /* LaunchScreen.storyboard in Resources */,
				AE4AA3661C7ADC5700795B27 /* test2.png in Resources */,
				AE4AA3271C76F1DA00795B27 /* Assets.xcassets in Resources */,
				AE4AA3251C76F1DA00795B27 /* Main.storyboard in Resources */,
				AE4AA3541C76F3D300795B27 /* image.jpg in Resources */,
			);
			runOnlyForDeploymentPostprocessing = 0;
		};
		AE4AA3571C7ABDA400795B27 /* Resources */ = {
			isa = PBXResourcesBuildPhase;
			buildActionMask = 2147483647;
			files = (
			);
			runOnlyForDeploymentPostprocessing = 0;
		};
/* End PBXResourcesBuildPhase section */

/* Begin PBXShellScriptBuildPhase section */
		4FE82A3585756CA3CDB97632 /* Embed Pods Frameworks */ = {
			isa = PBXShellScriptBuildPhase;
			buildActionMask = 2147483647;
			files = (
			);
			inputPaths = (
			);
			name = "Embed Pods Frameworks";
			outputPaths = (
			);
			runOnlyForDeploymentPostprocessing = 0;
			shellPath = /bin/sh;
			shellScript = "\"${SRCROOT}/Pods/Target Support Files/Pods/Pods-frameworks.sh\"\n";
			showEnvVarsInLog = 0;
		};
		9A5DAA55F73043F73EEC9E10 /* Copy Pods Resources */ = {
			isa = PBXShellScriptBuildPhase;
			buildActionMask = 2147483647;
			files = (
			);
			inputPaths = (
			);
			name = "Copy Pods Resources";
			outputPaths = (
			);
			runOnlyForDeploymentPostprocessing = 0;
			shellPath = /bin/sh;
			shellScript = "\"${SRCROOT}/Pods/Target Support Files/Pods/Pods-resources.sh\"\n";
			showEnvVarsInLog = 0;
		};
		B5576AE9641EC3BBBB442F99 /* Check Pods Manifest.lock */ = {
			isa = PBXShellScriptBuildPhase;
			buildActionMask = 2147483647;
			files = (
			);
			inputPaths = (
			);
			name = "Check Pods Manifest.lock";
			outputPaths = (
			);
			runOnlyForDeploymentPostprocessing = 0;
			shellPath = /bin/sh;
			shellScript = "diff \"${PODS_ROOT}/../Podfile.lock\" \"${PODS_ROOT}/Manifest.lock\" > /dev/null\nif [[ $? != 0 ]] ; then\n    cat << EOM\nerror: The sandbox is not in sync with the Podfile.lock. Run 'pod install' or update your CocoaPods installation.\nEOM\n    exit 1\nfi\n";
			showEnvVarsInLog = 0;
		};
/* End PBXShellScriptBuildPhase section */

/* Begin PBXSourcesBuildPhase section */
		AE4AA3131C76F1DA00795B27 /* Sources */ = {
			isa = PBXSourcesBuildPhase;
			buildActionMask = 2147483647;
			files = (
				AE4AA3991C7B002700795B27 /* AliyunUpload.m in Sources */,
				AE4AA3221C76F1DA00795B27 /* ViewController.m in Sources */,
				AE4AA31F1C76F1DA00795B27 /* AppDelegate.m in Sources */,
				AE4AA39D1C7B00A000795B27 /* UPMutUploaderManager.m in Sources */,
				AE4AA38E1C7AFFA000795B27 /* NSString+NSHash.m in Sources */,
				AE4AA3941C7B001900795B27 /* UPHTTPClient.m in Sources */,
				AE4AA3931C7B001900795B27 /* UPHTTPBodyPart.m in Sources */,
				AE4AA38D1C7AFFA000795B27 /* NSData+MD5Digest.m in Sources */,
				AE4AA3A01C7B00AE00795B27 /* UPMultipartBody.m in Sources */,
				AE4AA31C1C76F1DA00795B27 /* main.m in Sources */,
				AE4AA36C1C7AFE5B00795B27 /* UPYUNConfig.m in Sources */,
				AE4AA36B1C7AFE5B00795B27 /* UpYun.m in Sources */,
				AE4AA39A1C7B002700795B27 /* QiniuUpload.m in Sources */,
			);
			runOnlyForDeploymentPostprocessing = 0;
		};
		AE4AA3551C7ABDA400795B27 /* Sources */ = {
			isa = PBXSourcesBuildPhase;
			buildActionMask = 2147483647;
			files = (
				AE4AA35C1C7ABDA400795B27 /* UpYunFusionSDKDemoTests.m in Sources */,
			);
			runOnlyForDeploymentPostprocessing = 0;
		};
/* End PBXSourcesBuildPhase section */

/* Begin PBXTargetDependency section */
		AE4AA35F1C7ABDA400795B27 /* PBXTargetDependency */ = {
			isa = PBXTargetDependency;
			target = AE4AA3161C76F1DA00795B27 /* UpYunFusionSDKDemo */;
			targetProxy = AE4AA35E1C7ABDA400795B27 /* PBXContainerItemProxy */;
		};
/* End PBXTargetDependency section */

/* Begin PBXVariantGroup section */
		AE4AA3231C76F1DA00795B27 /* Main.storyboard */ = {
			isa = PBXVariantGroup;
			children = (
				AE4AA3241C76F1DA00795B27 /* Base */,
			);
			name = Main.storyboard;
			sourceTree = "<group>";
		};
		AE4AA3281C76F1DA00795B27 /* LaunchScreen.storyboard */ = {
			isa = PBXVariantGroup;
			children = (
				AE4AA3291C76F1DA00795B27 /* Base */,
			);
			name = LaunchScreen.storyboard;
			sourceTree = "<group>";
		};
/* End PBXVariantGroup section */

/* Begin XCBuildConfiguration section */
		AE4AA32C1C76F1DA00795B27 /* Debug */ = {
			isa = XCBuildConfiguration;
			buildSettings = {
				ALWAYS_SEARCH_USER_PATHS = NO;
				CLANG_CXX_LANGUAGE_STANDARD = "gnu++0x";
				CLANG_CXX_LIBRARY = "libc++";
				CLANG_ENABLE_MODULES = YES;
				CLANG_ENABLE_OBJC_ARC = YES;
				CLANG_WARN_BOOL_CONVERSION = YES;
				CLANG_WARN_CONSTANT_CONVERSION = YES;
				CLANG_WARN_DIRECT_OBJC_ISA_USAGE = YES_ERROR;
				CLANG_WARN_EMPTY_BODY = YES;
				CLANG_WARN_ENUM_CONVERSION = YES;
				CLANG_WARN_INT_CONVERSION = YES;
				CLANG_WARN_OBJC_ROOT_CLASS = YES_ERROR;
				CLANG_WARN_UNREACHABLE_CODE = YES;
				CLANG_WARN__DUPLICATE_METHOD_MATCH = YES;
				"CODE_SIGN_IDENTITY[sdk=iphoneos*]" = "iPhone Developer";
				COPY_PHASE_STRIP = NO;
				DEBUG_INFORMATION_FORMAT = dwarf;
				ENABLE_STRICT_OBJC_MSGSEND = YES;
				ENABLE_TESTABILITY = YES;
				GCC_C_LANGUAGE_STANDARD = gnu99;
				GCC_DYNAMIC_NO_PIC = NO;
				GCC_NO_COMMON_BLOCKS = YES;
				GCC_OPTIMIZATION_LEVEL = 0;
				GCC_PREPROCESSOR_DEFINITIONS = (
					"DEBUG=1",
					"$(inherited)",
				);
				GCC_WARN_64_TO_32_BIT_CONVERSION = YES;
				GCC_WARN_ABOUT_RETURN_TYPE = YES_ERROR;
				GCC_WARN_UNDECLARED_SELECTOR = YES;
				GCC_WARN_UNINITIALIZED_AUTOS = YES_AGGRESSIVE;
				GCC_WARN_UNUSED_FUNCTION = YES;
				GCC_WARN_UNUSED_VARIABLE = YES;
				IPHONEOS_DEPLOYMENT_TARGET = 9.2;
				MTL_ENABLE_DEBUG_INFO = YES;
				ONLY_ACTIVE_ARCH = YES;
				SDKROOT = iphoneos;
				TARGETED_DEVICE_FAMILY = "1,2";
			};
			name = Debug;
		};
		AE4AA32D1C76F1DA00795B27 /* Release */ = {
			isa = XCBuildConfiguration;
			buildSettings = {
				ALWAYS_SEARCH_USER_PATHS = NO;
				CLANG_CXX_LANGUAGE_STANDARD = "gnu++0x";
				CLANG_CXX_LIBRARY = "libc++";
				CLANG_ENABLE_MODULES = YES;
				CLANG_ENABLE_OBJC_ARC = YES;
				CLANG_WARN_BOOL_CONVERSION = YES;
				CLANG_WARN_CONSTANT_CONVERSION = YES;
				CLANG_WARN_DIRECT_OBJC_ISA_USAGE = YES_ERROR;
				CLANG_WARN_EMPTY_BODY = YES;
				CLANG_WARN_ENUM_CONVERSION = YES;
				CLANG_WARN_INT_CONVERSION = YES;
				CLANG_WARN_OBJC_ROOT_CLASS = YES_ERROR;
				CLANG_WARN_UNREACHABLE_CODE = YES;
				CLANG_WARN__DUPLICATE_METHOD_MATCH = YES;
				"CODE_SIGN_IDENTITY[sdk=iphoneos*]" = "iPhone Developer";
				COPY_PHASE_STRIP = NO;
				DEBUG_INFORMATION_FORMAT = "dwarf-with-dsym";
				ENABLE_NS_ASSERTIONS = NO;
				ENABLE_STRICT_OBJC_MSGSEND = YES;
				GCC_C_LANGUAGE_STANDARD = gnu99;
				GCC_NO_COMMON_BLOCKS = YES;
				GCC_WARN_64_TO_32_BIT_CONVERSION = YES;
				GCC_WARN_ABOUT_RETURN_TYPE = YES_ERROR;
				GCC_WARN_UNDECLARED_SELECTOR = YES;
				GCC_WARN_UNINITIALIZED_AUTOS = YES_AGGRESSIVE;
				GCC_WARN_UNUSED_FUNCTION = YES;
				GCC_WARN_UNUSED_VARIABLE = YES;
				IPHONEOS_DEPLOYMENT_TARGET = 9.2;
				MTL_ENABLE_DEBUG_INFO = NO;
				SDKROOT = iphoneos;
				TARGETED_DEVICE_FAMILY = "1,2";
				VALIDATE_PRODUCT = YES;
			};
			name = Release;
		};
		AE4AA32F1C76F1DA00795B27 /* Debug */ = {
			isa = XCBuildConfiguration;
			baseConfigurationReference = 5318390A80D9AD9B76505613 /* Pods.debug.xcconfig */;
			buildSettings = {
				ASSETCATALOG_COMPILER_APPICON_NAME = AppIcon;
				INFOPLIST_FILE = UpYunFusionSDKDemo/Info.plist;
				IPHONEOS_DEPLOYMENT_TARGET = 7.0;
				LD_RUNPATH_SEARCH_PATHS = "$(inherited) @executable_path/Frameworks";
				PRODUCT_BUNDLE_IDENTIFIER = com.upyun.UpYunFusionSDKDemo;
				PRODUCT_NAME = "$(TARGET_NAME)";
				TARGETED_DEVICE_FAMILY = "1,2";
			};
			name = Debug;
		};
		AE4AA3301C76F1DA00795B27 /* Release */ = {
			isa = XCBuildConfiguration;
			baseConfigurationReference = B21C02135BA9CD0E9EFB5F85 /* Pods.release.xcconfig */;
			buildSettings = {
				ASSETCATALOG_COMPILER_APPICON_NAME = AppIcon;
				INFOPLIST_FILE = UpYunFusionSDKDemo/Info.plist;
				IPHONEOS_DEPLOYMENT_TARGET = 7.0;
				LD_RUNPATH_SEARCH_PATHS = "$(inherited) @executable_path/Frameworks";
				PRODUCT_BUNDLE_IDENTIFIER = com.upyun.UpYunFusionSDKDemo;
				PRODUCT_NAME = "$(TARGET_NAME)";
				TARGETED_DEVICE_FAMILY = "1,2";
			};
			name = Release;
		};
		AE4AA3611C7ABDA400795B27 /* Debug */ = {
			isa = XCBuildConfiguration;
			buildSettings = {
				BUNDLE_LOADER = "$(TEST_HOST)";
				INFOPLIST_FILE = UpYunFusionSDKDemoTests/Info.plist;
				LD_RUNPATH_SEARCH_PATHS = "$(inherited) @executable_path/Frameworks @loader_path/Frameworks";
				PRODUCT_BUNDLE_IDENTIFIER = com.upyun.UpYunFusionSDKDemoTests;
				PRODUCT_NAME = "$(TARGET_NAME)";
				TEST_HOST = "$(BUILT_PRODUCTS_DIR)/UpYunFusionSDKDemo.app/UpYunFusionSDKDemo";
			};
			name = Debug;
		};
		AE4AA3621C7ABDA400795B27 /* Release */ = {
			isa = XCBuildConfiguration;
			buildSettings = {
				BUNDLE_LOADER = "$(TEST_HOST)";
				INFOPLIST_FILE = UpYunFusionSDKDemoTests/Info.plist;
				LD_RUNPATH_SEARCH_PATHS = "$(inherited) @executable_path/Frameworks @loader_path/Frameworks";
				PRODUCT_BUNDLE_IDENTIFIER = com.upyun.UpYunFusionSDKDemoTests;
				PRODUCT_NAME = "$(TARGET_NAME)";
				TEST_HOST = "$(BUILT_PRODUCTS_DIR)/UpYunFusionSDKDemo.app/UpYunFusionSDKDemo";
			};
			name = Release;
		};
/* End XCBuildConfiguration section */

/* Begin XCConfigurationList section */
		AE4AA3121C76F1DA00795B27 /* Build configuration list for PBXProject "UpYunFusionSDKDemo" */ = {
			isa = XCConfigurationList;
			buildConfigurations = (
				AE4AA32C1C76F1DA00795B27 /* Debug */,
				AE4AA32D1C76F1DA00795B27 /* Release */,
			);
			defaultConfigurationIsVisible = 0;
			defaultConfigurationName = Release;
		};
		AE4AA32E1C76F1DA00795B27 /* Build configuration list for PBXNativeTarget "UpYunFusionSDKDemo" */ = {
			isa = XCConfigurationList;
			buildConfigurations = (
				AE4AA32F1C76F1DA00795B27 /* Debug */,
				AE4AA3301C76F1DA00795B27 /* Release */,
			);
			defaultConfigurationIsVisible = 0;
			defaultConfigurationName = Release;
		};
		AE4AA3601C7ABDA400795B27 /* Build configuration list for PBXNativeTarget "UpYunFusionSDKDemoTests" */ = {
			isa = XCConfigurationList;
			buildConfigurations = (
				AE4AA3611C7ABDA400795B27 /* Debug */,
				AE4AA3621C7ABDA400795B27 /* Release */,
			);
			defaultConfigurationIsVisible = 0;
			defaultConfigurationName = Release;
		};
/* End XCConfigurationList section */
	};
	rootObject = AE4AA30F1C76F1DA00795B27 /* Project object */;
}
